// !$*UTF8*$!
{
	archiveVersion = 1;
	classes = {
	};
	objectVersion = 56;
	objects = {

/* Begin PBXBuildFile section */
		1A1D09C72C2E287700B1C385 /* F1SuperfanApp.swift in Sources */ = {isa = PBXBuildFile; fileRef = 1A1D09C62C2E287700B1C385 /* F1SuperfanApp.swift */; };
		1A1D09C92C2E287700B1C385 /* ContentView.swift in Sources */ = {isa = PBXBuildFile; fileRef = 1A1D09C82C2E287700B1C385 /* ContentView.swift */; };
		1A1D09CB2C2E287800B1C385 /* Assets.xcassets in Resources */ = {isa = PBXBuildFile; fileRef = 1A1D09CA2C2E287800B1C385 /* Assets.xcassets */; };
		1A1D09CE2C2E287800B1C385 /* Preview Assets.xcassets in Resources */ = {isa = PBXBuildFile; fileRef = 1A1D09CD2C2E287800B1C385 /* Preview Assets.xcassets */; };
		1A1D09D82C2E2C5500B1C385 /* Formula1-Wide.otf in Resources */ = {isa = PBXBuildFile; fileRef = 1A1D09D52C2E2C5500B1C385 /* Formula1-Wide.otf */; };
		1A1D09D92C2E2C5500B1C385 /* Formula1-Regular.otf in Resources */ = {isa = PBXBuildFile; fileRef = 1A1D09D62C2E2C5500B1C385 /* Formula1-Regular.otf */; };
		1A1D09DA2C2E2C5500B1C385 /* Formula1-Bold.otf in Resources */ = {isa = PBXBuildFile; fileRef = 1A1D09D72C2E2C5500B1C385 /* Formula1-Bold.otf */; };
		1A1D09DC2C2E2FE200B1C385 /* image.png in Resources */ = {isa = PBXBuildFile; fileRef = 1A1D09DB2C2E2FE100B1C385 /* image.png */; };
		1A1D09E42C2E46A600B1C385 /* leclerc.png in Resources */ = {isa = PBXBuildFile; fileRef = 1A1D09E32C2E46A600B1C385 /* leclerc.png */; };
		1A1D09E62C2E46C100B1C385 /* hamilton.png in Resources */ = {isa = PBXBuildFile; fileRef = 1A1D09E52C2E46C100B1C385 /* hamilton.png */; };
		1A1D09E82C2E46CA00B1C385 /* russell.png in Resources */ = {isa = PBXBuildFile; fileRef = 1A1D09E72C2E46CA00B1C385 /* russell.png */; };
		1A1D09EA2C2E473F00B1C385 /* sainz.png in Resources */ = {isa = PBXBuildFile; fileRef = 1A1D09E92C2E473F00B1C385 /* sainz.png */; };
		1A1D09EC2C2E482100B1C385 /* verstappen.png in Resources */ = {isa = PBXBuildFile; fileRef = 1A1D09EB2C2E482100B1C385 /* verstappen.png */; };
		1A1D09EE2C2E486600B1C385 /* perez.png in Resources */ = {isa = PBXBuildFile; fileRef = 1A1D09ED2C2E486600B1C385 /* perez.png */; };
		1A1D09F02C2E48B800B1C385 /* alonso.png in Resources */ = {isa = PBXBuildFile; fileRef = 1A1D09EF2C2E48B800B1C385 /* alonso.png */; };
		1A1D09F22C2E48FB00B1C385 /* stroll.png in Resources */ = {isa = PBXBuildFile; fileRef = 1A1D09F12C2E48FB00B1C385 /* stroll.png */; };
		1A1D09F42C2E492400B1C385 /* norris.png in Resources */ = {isa = PBXBuildFile; fileRef = 1A1D09F32C2E492400B1C385 /* norris.png */; };
		1A1D09F62C2E494A00B1C385 /* piastri.png in Resources */ = {isa = PBXBuildFile; fileRef = 1A1D09F52C2E494A00B1C385 /* piastri.png */; };
		1A1D09F82C2E497E00B1C385 /* gasly.png in Resources */ = {isa = PBXBuildFile; fileRef = 1A1D09F72C2E497E00B1C385 /* gasly.png */; };
		1A1D09FA2C2E4A4C00B1C385 /* ocon.png in Resources */ = {isa = PBXBuildFile; fileRef = 1A1D09F92C2E4A4C00B1C385 /* ocon.png */; };
		1A1D09FC2C2E4A8E00B1C385 /* albon.png in Resources */ = {isa = PBXBuildFile; fileRef = 1A1D09FB2C2E4A8E00B1C385 /* albon.png */; };
		1A1D09FE2C2E4AAC00B1C385 /* sargeant.png in Resources */ = {isa = PBXBuildFile; fileRef = 1A1D09FD2C2E4AAC00B1C385 /* sargeant.png */; };
		1A1D0A002C2E4AD200B1C385 /* bottas.png in Resources */ = {isa = PBXBuildFile; fileRef = 1A1D09FF2C2E4AD200B1C385 /* bottas.png */; };
		1A1D0A022C2E4AE600B1C385 /* zhou.png in Resources */ = {isa = PBXBuildFile; fileRef = 1A1D0A012C2E4AE600B1C385 /* zhou.png */; };
		1A1D0A042C2E4B0500B1C385 /* magnussen.png in Resources */ = {isa = PBXBuildFile; fileRef = 1A1D0A032C2E4B0500B1C385 /* magnussen.png */; };
		1A1D0A062C2E4B2600B1C385 /* hulkenberg.png in Resources */ = {isa = PBXBuildFile; fileRef = 1A1D0A052C2E4B2600B1C385 /* hulkenberg.png */; };
		1A1D0A082C2E4B3E00B1C385 /* ricciardo.png in Resources */ = {isa = PBXBuildFile; fileRef = 1A1D0A072C2E4B3D00B1C385 /* ricciardo.png */; };
		1A1D0A0A2C2E4B5E00B1C385 /* tsunoda.png in Resources */ = {isa = PBXBuildFile; fileRef = 1A1D0A092C2E4B5E00B1C385 /* tsunoda.png */; };
		1A1D0A0C2C2E540C00B1C385 /* TitleScreenSettingsView.swift in Sources */ = {isa = PBXBuildFile; fileRef = 1A1D0A0B2C2E540C00B1C385 /* TitleScreenSettingsView.swift */; };
		1A1D0A0E2C2E546A00B1C385 /* TitleScreenView.swift in Sources */ = {isa = PBXBuildFile; fileRef = 1A1D0A0D2C2E546A00B1C385 /* TitleScreenView.swift */; };
		1A1D0A142C35B32600B1C385 /* MainHubView.swift in Sources */ = {isa = PBXBuildFile; fileRef = 1A1D0A132C35B32600B1C385 /* MainHubView.swift */; };
		1A1D0A162C35BECA00B1C385 /* NewsTabView.swift in Sources */ = {isa = PBXBuildFile; fileRef = 1A1D0A152C35BECA00B1C385 /* NewsTabView.swift */; };
		1A1D0A182C35C50B00B1C385 /* CustomTabView.swift in Sources */ = {isa = PBXBuildFile; fileRef = 1A1D0A172C35C50B00B1C385 /* CustomTabView.swift */; };
		1A1D0A1A2C35C72E00B1C385 /* ColorManager.swift in Sources */ = {isa = PBXBuildFile; fileRef = 1A1D0A192C35C72E00B1C385 /* ColorManager.swift */; };
/* End PBXBuildFile section */

/* Begin PBXFileReference section */
		1A1D09C32C2E287700B1C385 /* F1Superfan.app */ = {isa = PBXFileReference; explicitFileType = wrapper.application; includeInIndex = 0; path = F1Superfan.app; sourceTree = BUILT_PRODUCTS_DIR; };
		1A1D09C62C2E287700B1C385 /* F1SuperfanApp.swift */ = {isa = PBXFileReference; lastKnownFileType = sourcecode.swift; path = F1SuperfanApp.swift; sourceTree = "<group>"; };
		1A1D09C82C2E287700B1C385 /* ContentView.swift */ = {isa = PBXFileReference; lastKnownFileType = sourcecode.swift; path = ContentView.swift; sourceTree = "<group>"; };
		1A1D09CA2C2E287800B1C385 /* Assets.xcassets */ = {isa = PBXFileReference; lastKnownFileType = folder.assetcatalog; path = Assets.xcassets; sourceTree = "<group>"; };
		1A1D09CD2C2E287800B1C385 /* Preview Assets.xcassets */ = {isa = PBXFileReference; lastKnownFileType = folder.assetcatalog; path = "Preview Assets.xcassets"; sourceTree = "<group>"; };
		1A1D09D42C2E2B7000B1C385 /* Info.plist */ = {isa = PBXFileReference; lastKnownFileType = text.plist; path = Info.plist; sourceTree = "<group>"; };
		1A1D09D52C2E2C5500B1C385 /* Formula1-Wide.otf */ = {isa = PBXFileReference; lastKnownFileType = file; path = "Formula1-Wide.otf"; sourceTree = "<group>"; };
		1A1D09D62C2E2C5500B1C385 /* Formula1-Regular.otf */ = {isa = PBXFileReference; lastKnownFileType = file; path = "Formula1-Regular.otf"; sourceTree = "<group>"; };
		1A1D09D72C2E2C5500B1C385 /* Formula1-Bold.otf */ = {isa = PBXFileReference; lastKnownFileType = file; path = "Formula1-Bold.otf"; sourceTree = "<group>"; };
		1A1D09DB2C2E2FE100B1C385 /* image.png */ = {isa = PBXFileReference; lastKnownFileType = image.png; path = image.png; sourceTree = "<group>"; };
		1A1D09E32C2E46A600B1C385 /* leclerc.png */ = {isa = PBXFileReference; lastKnownFileType = image.png; path = leclerc.png; sourceTree = "<group>"; };
		1A1D09E52C2E46C100B1C385 /* hamilton.png */ = {isa = PBXFileReference; lastKnownFileType = image.png; path = hamilton.png; sourceTree = "<group>"; };
		1A1D09E72C2E46CA00B1C385 /* russell.png */ = {isa = PBXFileReference; lastKnownFileType = image.png; path = russell.png; sourceTree = "<group>"; };
		1A1D09E92C2E473F00B1C385 /* sainz.png */ = {isa = PBXFileReference; lastKnownFileType = image.png; path = sainz.png; sourceTree = "<group>"; };
		1A1D09EB2C2E482100B1C385 /* verstappen.png */ = {isa = PBXFileReference; lastKnownFileType = image.png; path = verstappen.png; sourceTree = "<group>"; };
		1A1D09ED2C2E486600B1C385 /* perez.png */ = {isa = PBXFileReference; lastKnownFileType = image.png; path = perez.png; sourceTree = "<group>"; };
		1A1D09EF2C2E48B800B1C385 /* alonso.png */ = {isa = PBXFileReference; lastKnownFileType = image.png; path = alonso.png; sourceTree = "<group>"; };
		1A1D09F12C2E48FB00B1C385 /* stroll.png */ = {isa = PBXFileReference; lastKnownFileType = image.png; path = stroll.png; sourceTree = "<group>"; };
		1A1D09F32C2E492400B1C385 /* norris.png */ = {isa = PBXFileReference; lastKnownFileType = image.png; path = norris.png; sourceTree = "<group>"; };
		1A1D09F52C2E494A00B1C385 /* piastri.png */ = {isa = PBXFileReference; lastKnownFileType = image.png; path = piastri.png; sourceTree = "<group>"; };
		1A1D09F72C2E497E00B1C385 /* gasly.png */ = {isa = PBXFileReference; lastKnownFileType = image.png; path = gasly.png; sourceTree = "<group>"; };
		1A1D09F92C2E4A4C00B1C385 /* ocon.png */ = {isa = PBXFileReference; lastKnownFileType = image.png; path = ocon.png; sourceTree = "<group>"; };
		1A1D09FB2C2E4A8E00B1C385 /* albon.png */ = {isa = PBXFileReference; lastKnownFileType = image.png; path = albon.png; sourceTree = "<group>"; };
		1A1D09FD2C2E4AAC00B1C385 /* sargeant.png */ = {isa = PBXFileReference; lastKnownFileType = image.png; path = sargeant.png; sourceTree = "<group>"; };
		1A1D09FF2C2E4AD200B1C385 /* bottas.png */ = {isa = PBXFileReference; lastKnownFileType = image.png; path = bottas.png; sourceTree = "<group>"; };
		1A1D0A012C2E4AE600B1C385 /* zhou.png */ = {isa = PBXFileReference; lastKnownFileType = image.png; path = zhou.png; sourceTree = "<group>"; };
		1A1D0A032C2E4B0500B1C385 /* magnussen.png */ = {isa = PBXFileReference; lastKnownFileType = image.png; path = magnussen.png; sourceTree = "<group>"; };
		1A1D0A052C2E4B2600B1C385 /* hulkenberg.png */ = {isa = PBXFileReference; lastKnownFileType = image.png; path = hulkenberg.png; sourceTree = "<group>"; };
		1A1D0A072C2E4B3D00B1C385 /* ricciardo.png */ = {isa = PBXFileReference; lastKnownFileType = image.png; path = ricciardo.png; sourceTree = "<group>"; };
		1A1D0A092C2E4B5E00B1C385 /* tsunoda.png */ = {isa = PBXFileReference; lastKnownFileType = image.png; path = tsunoda.png; sourceTree = "<group>"; };
		1A1D0A0B2C2E540C00B1C385 /* TitleScreenSettingsView.swift */ = {isa = PBXFileReference; lastKnownFileType = sourcecode.swift; path = TitleScreenSettingsView.swift; sourceTree = "<group>"; };
		1A1D0A0D2C2E546A00B1C385 /* TitleScreenView.swift */ = {isa = PBXFileReference; lastKnownFileType = sourcecode.swift; path = TitleScreenView.swift; sourceTree = "<group>"; };
		1A1D0A112C2E59A700B1C385 /* README.md */ = {isa = PBXFileReference; lastKnownFileType = net.daringfireball.markdown; path = README.md; sourceTree = "<group>"; };
		1A1D0A122C2E5A4D00B1C385 /* LICENSE.md */ = {isa = PBXFileReference; lastKnownFileType = net.daringfireball.markdown; path = LICENSE.md; sourceTree = "<group>"; };
		1A1D0A132C35B32600B1C385 /* MainHubView.swift */ = {isa = PBXFileReference; lastKnownFileType = sourcecode.swift; path = MainHubView.swift; sourceTree = "<group>"; };
		1A1D0A152C35BECA00B1C385 /* NewsTabView.swift */ = {isa = PBXFileReference; lastKnownFileType = sourcecode.swift; path = NewsTabView.swift; sourceTree = "<group>"; };
		1A1D0A172C35C50B00B1C385 /* CustomTabView.swift */ = {isa = PBXFileReference; lastKnownFileType = sourcecode.swift; path = CustomTabView.swift; sourceTree = "<group>"; };
		1A1D0A192C35C72E00B1C385 /* ColorManager.swift */ = {isa = PBXFileReference; lastKnownFileType = sourcecode.swift; path = ColorManager.swift; sourceTree = "<group>"; };
/* End PBXFileReference section */

/* Begin PBXFrameworksBuildPhase section */
		1A1D09C02C2E287700B1C385 /* Frameworks */ = {
			isa = PBXFrameworksBuildPhase;
			buildActionMask = 2147483647;
			files = (
			);
			runOnlyForDeploymentPostprocessing = 0;
		};
/* End PBXFrameworksBuildPhase section */

/* Begin PBXGroup section */
		1A1D09BA2C2E287700B1C385 = {
			isa = PBXGroup;
			children = (
				1A1D0A122C2E5A4D00B1C385 /* LICENSE.md */,
				1A1D0A112C2E59A700B1C385 /* README.md */,
				1A1D09C52C2E287700B1C385 /* F1Superfan */,
				1A1D09C42C2E287700B1C385 /* Products */,
			);
			sourceTree = "<group>";
		};
		1A1D09C42C2E287700B1C385 /* Products */ = {
			isa = PBXGroup;
			children = (
				1A1D09C32C2E287700B1C385 /* F1Superfan.app */,
			);
			name = Products;
			sourceTree = "<group>";
		};
		1A1D09C52C2E287700B1C385 /* F1Superfan */ = {
			isa = PBXGroup;
			children = (
				1A1D0A102C2E55EC00B1C385 /* Images */,
				1A1D0A0F2C2E55DD00B1C385 /* Fonts */,
				1A1D09D42C2E2B7000B1C385 /* Info.plist */,
				1A1D09C62C2E287700B1C385 /* F1SuperfanApp.swift */,
				1A1D09C82C2E287700B1C385 /* ContentView.swift */,
				1A1D0A132C35B32600B1C385 /* MainHubView.swift */,
				1A1D0A172C35C50B00B1C385 /* CustomTabView.swift */,
				1A1D0A152C35BECA00B1C385 /* NewsTabView.swift */,
				1A1D0A0D2C2E546A00B1C385 /* TitleScreenView.swift */,
				1A1D0A192C35C72E00B1C385 /* ColorManager.swift */,
				1A1D0A0B2C2E540C00B1C385 /* TitleScreenSettingsView.swift */,
				1A1D09CA2C2E287800B1C385 /* Assets.xcassets */,
				1A1D09CC2C2E287800B1C385 /* Preview Content */,
			);
			path = F1Superfan;
			sourceTree = "<group>";
		};
		1A1D09CC2C2E287800B1C385 /* Preview Content */ = {
			isa = PBXGroup;
			children = (
				1A1D09CD2C2E287800B1C385 /* Preview Assets.xcassets */,
			);
			path = "Preview Content";
			sourceTree = "<group>";
		};
		1A1D0A0F2C2E55DD00B1C385 /* Fonts */ = {
			isa = PBXGroup;
			children = (
				1A1D09D72C2E2C5500B1C385 /* Formula1-Bold.otf */,
				1A1D09D62C2E2C5500B1C385 /* Formula1-Regular.otf */,
				1A1D09D52C2E2C5500B1C385 /* Formula1-Wide.otf */,
			);
			path = Fonts;
			sourceTree = "<group>";
		};
		1A1D0A102C2E55EC00B1C385 /* Images */ = {
			isa = PBXGroup;
			children = (
				1A1D09FF2C2E4AD200B1C385 /* bottas.png */,
				1A1D09F12C2E48FB00B1C385 /* stroll.png */,
				1A1D09F32C2E492400B1C385 /* norris.png */,
				1A1D09F92C2E4A4C00B1C385 /* ocon.png */,
				1A1D0A012C2E4AE600B1C385 /* zhou.png */,
				1A1D09ED2C2E486600B1C385 /* perez.png */,
				1A1D09F52C2E494A00B1C385 /* piastri.png */,
				1A1D09E52C2E46C100B1C385 /* hamilton.png */,
				1A1D09E92C2E473F00B1C385 /* sainz.png */,
				1A1D0A052C2E4B2600B1C385 /* hulkenberg.png */,
				1A1D09FD2C2E4AAC00B1C385 /* sargeant.png */,
				1A1D09E72C2E46CA00B1C385 /* russell.png */,
				1A1D09EF2C2E48B800B1C385 /* alonso.png */,
				1A1D09EB2C2E482100B1C385 /* verstappen.png */,
				1A1D09FB2C2E4A8E00B1C385 /* albon.png */,
				1A1D09F72C2E497E00B1C385 /* gasly.png */,
				1A1D09DB2C2E2FE100B1C385 /* image.png */,
				1A1D09E32C2E46A600B1C385 /* leclerc.png */,
				1A1D0A032C2E4B0500B1C385 /* magnussen.png */,
				1A1D0A072C2E4B3D00B1C385 /* ricciardo.png */,
				1A1D0A092C2E4B5E00B1C385 /* tsunoda.png */,
			);
			path = Images;
			sourceTree = "<group>";
		};
/* End PBXGroup section */

/* Begin PBXNativeTarget section */
		1A1D09C22C2E287700B1C385 /* F1Superfan */ = {
			isa = PBXNativeTarget;
			buildConfigurationList = 1A1D09D12C2E287800B1C385 /* Build configuration list for PBXNativeTarget "F1Superfan" */;
			buildPhases = (
				1A1D09BF2C2E287700B1C385 /* Sources */,
				1A1D09C02C2E287700B1C385 /* Frameworks */,
				1A1D09C12C2E287700B1C385 /* Resources */,
			);
			buildRules = (
			);
			dependencies = (
			);
			name = F1Superfan;
			productName = F1Superfan;
			productReference = 1A1D09C32C2E287700B1C385 /* F1Superfan.app */;
			productType = "com.apple.product-type.application";
		};
/* End PBXNativeTarget section */

/* Begin PBXProject section */
		1A1D09BB2C2E287700B1C385 /* Project object */ = {
			isa = PBXProject;
			attributes = {
				BuildIndependentTargetsInParallel = 1;
				LastSwiftUpdateCheck = 1520;
				LastUpgradeCheck = 1520;
				TargetAttributes = {
					1A1D09C22C2E287700B1C385 = {
						CreatedOnToolsVersion = 15.2;
					};
				};
			};
			buildConfigurationList = 1A1D09BE2C2E287700B1C385 /* Build configuration list for PBXProject "F1Superfan" */;
			compatibilityVersion = "Xcode 14.0";
			developmentRegion = en;
			hasScannedForEncodings = 0;
			knownRegions = (
				en,
				Base,
			);
			mainGroup = 1A1D09BA2C2E287700B1C385;
			productRefGroup = 1A1D09C42C2E287700B1C385 /* Products */;
			projectDirPath = "";
			projectRoot = "";
			targets = (
				1A1D09C22C2E287700B1C385 /* F1Superfan */,
			);
		};
/* End PBXProject section */

/* Begin PBXResourcesBuildPhase section */
		1A1D09C12C2E287700B1C385 /* Resources */ = {
			isa = PBXResourcesBuildPhase;
			buildActionMask = 2147483647;
			files = (
				1A1D0A062C2E4B2600B1C385 /* hulkenberg.png in Resources */,
				1A1D0A042C2E4B0500B1C385 /* magnussen.png in Resources */,
				1A1D09FE2C2E4AAC00B1C385 /* sargeant.png in Resources */,
				1A1D09CE2C2E287800B1C385 /* Preview Assets.xcassets in Resources */,
				1A1D09F42C2E492400B1C385 /* norris.png in Resources */,
				1A1D0A022C2E4AE600B1C385 /* zhou.png in Resources */,
				1A1D09FA2C2E4A4C00B1C385 /* ocon.png in Resources */,
				1A1D09EA2C2E473F00B1C385 /* sainz.png in Resources */,
				1A1D09EE2C2E486600B1C385 /* perez.png in Resources */,
				1A1D0A082C2E4B3E00B1C385 /* ricciardo.png in Resources */,
				1A1D0A0A2C2E4B5E00B1C385 /* tsunoda.png in Resources */,
				1A1D09F82C2E497E00B1C385 /* gasly.png in Resources */,
				1A1D09D92C2E2C5500B1C385 /* Formula1-Regular.otf in Resources */,
				1A1D09DA2C2E2C5500B1C385 /* Formula1-Bold.otf in Resources */,
				1A1D09E82C2E46CA00B1C385 /* russell.png in Resources */,
				1A1D09E62C2E46C100B1C385 /* hamilton.png in Resources */,
				1A1D0A002C2E4AD200B1C385 /* bottas.png in Resources */,
				1A1D09F22C2E48FB00B1C385 /* stroll.png in Resources */,
				1A1D09D82C2E2C5500B1C385 /* Formula1-Wide.otf in Resources */,
				1A1D09F62C2E494A00B1C385 /* piastri.png in Resources */,
				1A1D09F02C2E48B800B1C385 /* alonso.png in Resources */,
				1A1D09FC2C2E4A8E00B1C385 /* albon.png in Resources */,
				1A1D09EC2C2E482100B1C385 /* verstappen.png in Resources */,
				1A1D09CB2C2E287800B1C385 /* Assets.xcassets in Resources */,
				1A1D09DC2C2E2FE200B1C385 /* image.png in Resources */,
				1A1D09E42C2E46A600B1C385 /* leclerc.png in Resources */,
			);
			runOnlyForDeploymentPostprocessing = 0;
		};
/* End PBXResourcesBuildPhase section */

/* Begin PBXSourcesBuildPhase section */
		1A1D09BF2C2E287700B1C385 /* Sources */ = {
			isa = PBXSourcesBuildPhase;
			buildActionMask = 2147483647;
			files = (
				1A1D09C92C2E287700B1C385 /* ContentView.swift in Sources */,
				1A1D0A0E2C2E546A00B1C385 /* TitleScreenView.swift in Sources */,
				1A1D0A0C2C2E540C00B1C385 /* TitleScreenSettingsView.swift in Sources */,
				1A1D0A162C35BECA00B1C385 /* NewsTabView.swift in Sources */,
				1A1D0A182C35C50B00B1C385 /* CustomTabView.swift in Sources */,
				1A1D09C72C2E287700B1C385 /* F1SuperfanApp.swift in Sources */,
				1A1D0A142C35B32600B1C385 /* MainHubView.swift in Sources */,
				1A1D0A1A2C35C72E00B1C385 /* ColorManager.swift in Sources */,
			);
			runOnlyForDeploymentPostprocessing = 0;
		};
/* End PBXSourcesBuildPhase section */

/* Begin XCBuildConfiguration section */
		1A1D09CF2C2E287800B1C385 /* Debug */ = {
			isa = XCBuildConfiguration;
			buildSettings = {
				ALWAYS_SEARCH_USER_PATHS = NO;
				ASSETCATALOG_COMPILER_GENERATE_SWIFT_ASSET_SYMBOL_EXTENSIONS = YES;
				CLANG_ANALYZER_NONNULL = YES;
				CLANG_ANALYZER_NUMBER_OBJECT_CONVERSION = YES_AGGRESSIVE;
				CLANG_CXX_LANGUAGE_STANDARD = "gnu++20";
				CLANG_ENABLE_MODULES = YES;
				CLANG_ENABLE_OBJC_ARC = YES;
				CLANG_ENABLE_OBJC_WEAK = YES;
				CLANG_WARN_BLOCK_CAPTURE_AUTORELEASING = YES;
				CLANG_WARN_BOOL_CONVERSION = YES;
				CLANG_WARN_COMMA = YES;
				CLANG_WARN_CONSTANT_CONVERSION = YES;
				CLANG_WARN_DEPRECATED_OBJC_IMPLEMENTATIONS = YES;
				CLANG_WARN_DIRECT_OBJC_ISA_USAGE = YES_ERROR;
				CLANG_WARN_DOCUMENTATION_COMMENTS = YES;
				CLANG_WARN_EMPTY_BODY = YES;
				CLANG_WARN_ENUM_CONVERSION = YES;
				CLANG_WARN_INFINITE_RECURSION = YES;
				CLANG_WARN_INT_CONVERSION = YES;
				CLANG_WARN_NON_LITERAL_NULL_CONVERSION = YES;
				CLANG_WARN_OBJC_IMPLICIT_RETAIN_SELF = YES;
				CLANG_WARN_OBJC_LITERAL_CONVERSION = YES;
				CLANG_WARN_OBJC_ROOT_CLASS = YES_ERROR;
				CLANG_WARN_QUOTED_INCLUDE_IN_FRAMEWORK_HEADER = YES;
				CLANG_WARN_RANGE_LOOP_ANALYSIS = YES;
				CLANG_WARN_STRICT_PROTOTYPES = YES;
				CLANG_WARN_SUSPICIOUS_MOVE = YES;
				CLANG_WARN_UNGUARDED_AVAILABILITY = YES_AGGRESSIVE;
				CLANG_WARN_UNREACHABLE_CODE = YES;
				CLANG_WARN__DUPLICATE_METHOD_MATCH = YES;
				COPY_PHASE_STRIP = NO;
				DEBUG_INFORMATION_FORMAT = dwarf;
				ENABLE_STRICT_OBJC_MSGSEND = YES;
				ENABLE_TESTABILITY = YES;
				ENABLE_USER_SCRIPT_SANDBOXING = YES;
				GCC_C_LANGUAGE_STANDARD = gnu17;
				GCC_DYNAMIC_NO_PIC = NO;
				GCC_NO_COMMON_BLOCKS = YES;
				GCC_OPTIMIZATION_LEVEL = 0;
				GCC_PREPROCESSOR_DEFINITIONS = (
					"DEBUG=1",
					"$(inherited)",
				);
				GCC_WARN_64_TO_32_BIT_CONVERSION = YES;
				GCC_WARN_ABOUT_RETURN_TYPE = YES_ERROR;
				GCC_WARN_UNDECLARED_SELECTOR = YES;
				GCC_WARN_UNINITIALIZED_AUTOS = YES_AGGRESSIVE;
				GCC_WARN_UNUSED_FUNCTION = YES;
				GCC_WARN_UNUSED_VARIABLE = YES;
				IPHONEOS_DEPLOYMENT_TARGET = 17.2;
				LOCALIZATION_PREFERS_STRING_CATALOGS = YES;
				MTL_ENABLE_DEBUG_INFO = INCLUDE_SOURCE;
				MTL_FAST_MATH = YES;
				ONLY_ACTIVE_ARCH = YES;
				SDKROOT = iphoneos;
				SWIFT_ACTIVE_COMPILATION_CONDITIONS = "DEBUG $(inherited)";
				SWIFT_OPTIMIZATION_LEVEL = "-Onone";
			};
			name = Debug;
		};
		1A1D09D02C2E287800B1C385 /* Release */ = {
			isa = XCBuildConfiguration;
			buildSettings = {
				ALWAYS_SEARCH_USER_PATHS = NO;
				ASSETCATALOG_COMPILER_GENERATE_SWIFT_ASSET_SYMBOL_EXTENSIONS = YES;
				CLANG_ANALYZER_NONNULL = YES;
				CLANG_ANALYZER_NUMBER_OBJECT_CONVERSION = YES_AGGRESSIVE;
				CLANG_CXX_LANGUAGE_STANDARD = "gnu++20";
				CLANG_ENABLE_MODULES = YES;
				CLANG_ENABLE_OBJC_ARC = YES;
				CLANG_ENABLE_OBJC_WEAK = YES;
				CLANG_WARN_BLOCK_CAPTURE_AUTORELEASING = YES;
				CLANG_WARN_BOOL_CONVERSION = YES;
				CLANG_WARN_COMMA = YES;
				CLANG_WARN_CONSTANT_CONVERSION = YES;
				CLANG_WARN_DEPRECATED_OBJC_IMPLEMENTATIONS = YES;
				CLANG_WARN_DIRECT_OBJC_ISA_USAGE = YES_ERROR;
				CLANG_WARN_DOCUMENTATION_COMMENTS = YES;
				CLANG_WARN_EMPTY_BODY = YES;
				CLANG_WARN_ENUM_CONVERSION = YES;
				CLANG_WARN_INFINITE_RECURSION = YES;
				CLANG_WARN_INT_CONVERSION = YES;
				CLANG_WARN_NON_LITERAL_NULL_CONVERSION = YES;
				CLANG_WARN_OBJC_IMPLICIT_RETAIN_SELF = YES;
				CLANG_WARN_OBJC_LITERAL_CONVERSION = YES;
				CLANG_WARN_OBJC_ROOT_CLASS = YES_ERROR;
				CLANG_WARN_QUOTED_INCLUDE_IN_FRAMEWORK_HEADER = YES;
				CLANG_WARN_RANGE_LOOP_ANALYSIS = YES;
				CLANG_WARN_STRICT_PROTOTYPES = YES;
				CLANG_WARN_SUSPICIOUS_MOVE = YES;
				CLANG_WARN_UNGUARDED_AVAILABILITY = YES_AGGRESSIVE;
				CLANG_WARN_UNREACHABLE_CODE = YES;
				CLANG_WARN__DUPLICATE_METHOD_MATCH = YES;
				COPY_PHASE_STRIP = NO;
				DEBUG_INFORMATION_FORMAT = "dwarf-with-dsym";
				ENABLE_NS_ASSERTIONS = NO;
				ENABLE_STRICT_OBJC_MSGSEND = YES;
				ENABLE_USER_SCRIPT_SANDBOXING = YES;
				GCC_C_LANGUAGE_STANDARD = gnu17;
				GCC_NO_COMMON_BLOCKS = YES;
				GCC_WARN_64_TO_32_BIT_CONVERSION = YES;
				GCC_WARN_ABOUT_RETURN_TYPE = YES_ERROR;
				GCC_WARN_UNDECLARED_SELECTOR = YES;
				GCC_WARN_UNINITIALIZED_AUTOS = YES_AGGRESSIVE;
				GCC_WARN_UNUSED_FUNCTION = YES;
				GCC_WARN_UNUSED_VARIABLE = YES;
				IPHONEOS_DEPLOYMENT_TARGET = 17.2;
				LOCALIZATION_PREFERS_STRING_CATALOGS = YES;
				MTL_ENABLE_DEBUG_INFO = NO;
				MTL_FAST_MATH = YES;
				SDKROOT = iphoneos;
				SWIFT_COMPILATION_MODE = wholemodule;
				VALIDATE_PRODUCT = YES;
			};
			name = Release;
		};
		1A1D09D22C2E287800B1C385 /* Debug */ = {
			isa = XCBuildConfiguration;
			buildSettings = {
				ASSETCATALOG_COMPILER_APPICON_NAME = AppIcon;
				ASSETCATALOG_COMPILER_GLOBAL_ACCENT_COLOR_NAME = AccentColor;
				CODE_SIGN_STYLE = Automatic;
				CURRENT_PROJECT_VERSION = 1;
				DEVELOPMENT_ASSET_PATHS = "\"F1Superfan/Preview Content\"";
				DEVELOPMENT_TEAM = U2TZ26MU22;
				ENABLE_PREVIEWS = YES;
				GENERATE_INFOPLIST_FILE = YES;
				INFOPLIST_FILE = F1Superfan/Info.plist;
				INFOPLIST_KEY_UIApplicationSceneManifest_Generation = YES;
				INFOPLIST_KEY_UIApplicationSupportsIndirectInputEvents = YES;
				INFOPLIST_KEY_UILaunchScreen_Generation = YES;
				INFOPLIST_KEY_UISupportedInterfaceOrientations_iPad = "UIInterfaceOrientationPortrait UIInterfaceOrientationPortraitUpsideDown UIInterfaceOrientationLandscapeLeft UIInterfaceOrientationLandscapeRight";
				INFOPLIST_KEY_UISupportedInterfaceOrientations_iPhone = "UIInterfaceOrientationPortrait UIInterfaceOrientationLandscapeLeft UIInterfaceOrientationLandscapeRight";
				LD_RUNPATH_SEARCH_PATHS = (
					"$(inherited)",
					"@executable_path/Frameworks",
				);
				MARKETING_VERSION = 1.0;
				PRODUCT_BUNDLE_IDENTIFIER = "James-Kaddissi.F1Superfan";
				PRODUCT_NAME = "$(TARGET_NAME)";
				SWIFT_EMIT_LOC_STRINGS = YES;
				SWIFT_VERSION = 5.0;
				TARGETED_DEVICE_FAMILY = "1,2";
			};
			name = Debug;
		};
		1A1D09D32C2E287800B1C385 /* Release */ = {
			isa = XCBuildConfiguration;
			buildSettings = {
				ASSETCATALOG_COMPILER_APPICON_NAME = AppIcon;
				ASSETCATALOG_COMPILER_GLOBAL_ACCENT_COLOR_NAME = AccentColor;
				CODE_SIGN_STYLE = Automatic;
				CURRENT_PROJECT_VERSION = 1;
				DEVELOPMENT_ASSET_PATHS = "\"F1Superfan/Preview Content\"";
				DEVELOPMENT_TEAM = U2TZ26MU22;
				ENABLE_PREVIEWS = YES;
				GENERATE_INFOPLIST_FILE = YES;
				INFOPLIST_FILE = F1Superfan/Info.plist;
				INFOPLIST_KEY_UIApplicationSceneManifest_Generation = YES;
				INFOPLIST_KEY_UIApplicationSupportsIndirectInputEvents = YES;
				INFOPLIST_KEY_UILaunchScreen_Generation = YES;
				INFOPLIST_KEY_UISupportedInterfaceOrientations_iPad = "UIInterfaceOrientationPortrait UIInterfaceOrientationPortraitUpsideDown UIInterfaceOrientationLandscapeLeft UIInterfaceOrientationLandscapeRight";
				INFOPLIST_KEY_UISupportedInterfaceOrientations_iPhone = "UIInterfaceOrientationPortrait UIInterfaceOrientationLandscapeLeft UIInterfaceOrientationLandscapeRight";
				LD_RUNPATH_SEARCH_PATHS = (
					"$(inherited)",
					"@executable_path/Frameworks",
				);
				MARKETING_VERSION = 1.0;
				PRODUCT_BUNDLE_IDENTIFIER = "James-Kaddissi.F1Superfan";
				PRODUCT_NAME = "$(TARGET_NAME)";
				SWIFT_EMIT_LOC_STRINGS = YES;
				SWIFT_VERSION = 5.0;
				TARGETED_DEVICE_FAMILY = "1,2";
			};
			name = Release;
		};
/* End XCBuildConfiguration section */

/* Begin XCConfigurationList section */
		1A1D09BE2C2E287700B1C385 /* Build configuration list for PBXProject "F1Superfan" */ = {
			isa = XCConfigurationList;
			buildConfigurations = (
				1A1D09CF2C2E287800B1C385 /* Debug */,
				1A1D09D02C2E287800B1C385 /* Release */,
			);
			defaultConfigurationIsVisible = 0;
			defaultConfigurationName = Release;
		};
		1A1D09D12C2E287800B1C385 /* Build configuration list for PBXNativeTarget "F1Superfan" */ = {
			isa = XCConfigurationList;
			buildConfigurations = (
				1A1D09D22C2E287800B1C385 /* Debug */,
				1A1D09D32C2E287800B1C385 /* Release */,
			);
			defaultConfigurationIsVisible = 0;
			defaultConfigurationName = Release;
		};
/* End XCConfigurationList section */
	};
	rootObject = 1A1D09BB2C2E287700B1C385 /* Project object */;
}
