// !$*UTF8*$!
{
	archiveVersion = 1;
	classes = {
	};
	objectVersion = 56;
	objects = {

/* Begin PBXBuildFile section */
		1A1D09C72C2E287700B1C385 /* F1SuperfanApp.swift in Sources */ = {isa = PBXBuildFile; fileRef = 1A1D09C62C2E287700B1C385 /* F1SuperfanApp.swift */; };
		1A1D09C92C2E287700B1C385 /* ContentView.swift in Sources */ = {isa = PBXBuildFile; fileRef = 1A1D09C82C2E287700B1C385 /* ContentView.swift */; };
		1A1D09CB2C2E287800B1C385 /* Assets.xcassets in Resources */ = {isa = PBXBuildFile; fileRef = 1A1D09CA2C2E287800B1C385 /* Assets.xcassets */; };
		1A1D09CE2C2E287800B1C385 /* Preview Assets.xcassets in Resources */ = {isa = PBXBuildFile; fileRef = 1A1D09CD2C2E287800B1C385 /* Preview Assets.xcassets */; };
		1A1D09D82C2E2C5500B1C385 /* Formula1-Wide.otf in Resources */ = {isa = PBXBuildFile; fileRef = 1A1D09D52C2E2C5500B1C385 /* Formula1-Wide.otf */; };
		1A1D09D92C2E2C5500B1C385 /* Formula1-Regular.otf in Resources */ = {isa = PBXBuildFile; fileRef = 1A1D09D62C2E2C5500B1C385 /* Formula1-Regular.otf */; };
		1A1D09DA2C2E2C5500B1C385 /* Formula1-Bold.otf in Resources */ = {isa = PBXBuildFile; fileRef = 1A1D09D72C2E2C5500B1C385 /* Formula1-Bold.otf */; };
		1A1D09DC2C2E2FE200B1C385 /* image.png in Resources */ = {isa = PBXBuildFile; fileRef = 1A1D09DB2C2E2FE100B1C385 /* image.png */; };
		1A1D09E42C2E46A600B1C385 /* leclerc.png in Resources */ = {isa = PBXBuildFile; fileRef = 1A1D09E32C2E46A600B1C385 /* leclerc.png */; };
		1A1D09E62C2E46C100B1C385 /* hamilton.png in Resources */ = {isa = PBXBuildFile; fileRef = 1A1D09E52C2E46C100B1C385 /* hamilton.png */; };
		1A1D09E82C2E46CA00B1C385 /* russell.png in Resources */ = {isa = PBXBuildFile; fileRef = 1A1D09E72C2E46CA00B1C385 /* russell.png */; };
		1A1D09EA2C2E473F00B1C385 /* sainz.png in Resources */ = {isa = PBXBuildFile; fileRef = 1A1D09E92C2E473F00B1C385 /* sainz.png */; };
		1A1D09EC2C2E482100B1C385 /* verstappen.png in Resources */ = {isa = PBXBuildFile; fileRef = 1A1D09EB2C2E482100B1C385 /* verstappen.png */; };
		1A1D09EE2C2E486600B1C385 /* perez.png in Resources */ = {isa = PBXBuildFile; fileRef = 1A1D09ED2C2E486600B1C385 /* perez.png */; };
		1A1D09F02C2E48B800B1C385 /* alonso.png in Resources */ = {isa = PBXBuildFile; fileRef = 1A1D09EF2C2E48B800B1C385 /* alonso.png */; };
		1A1D09F22C2E48FB00B1C385 /* stroll.png in Resources */ = {isa = PBXBuildFile; fileRef = 1A1D09F12C2E48FB00B1C385 /* stroll.png */; };
		1A1D09F42C2E492400B1C385 /* norris.png in Resources */ = {isa = PBXBuildFile; fileRef = 1A1D09F32C2E492400B1C385 /* norris.png */; };
		1A1D09F62C2E494A00B1C385 /* piastri.png in Resources */ = {isa = PBXBuildFile; fileRef = 1A1D09F52C2E494A00B1C385 /* piastri.png */; };
		1A1D09F82C2E497E00B1C385 /* gasly.png in Resources */ = {isa = PBXBuildFile; fileRef = 1A1D09F72C2E497E00B1C385 /* gasly.png */; };
		1A1D09FA2C2E4A4C00B1C385 /* ocon.png in Resources */ = {isa = PBXBuildFile; fileRef = 1A1D09F92C2E4A4C00B1C385 /* ocon.png */; };
		1A1D09FC2C2E4A8E00B1C385 /* albon.png in Resources */ = {isa = PBXBuildFile; fileRef = 1A1D09FB2C2E4A8E00B1C385 /* albon.png */; };
		1A1D09FE2C2E4AAC00B1C385 /* sargeant.png in Resources */ = {isa = PBXBuildFile; fileRef = 1A1D09FD2C2E4AAC00B1C385 /* sargeant.png */; };
		1A1D0A002C2E4AD200B1C385 /* bottas.png in Resources */ = {isa = PBXBuildFile; fileRef = 1A1D09FF2C2E4AD200B1C385 /* bottas.png */; };
		1A1D0A022C2E4AE600B1C385 /* zhou.png in Resources */ = {isa = PBXBuildFile; fileRef = 1A1D0A012C2E4AE600B1C385 /* zhou.png */; };
		1A1D0A042C2E4B0500B1C385 /* magnussen.png in Resources */ = {isa = PBXBuildFile; fileRef = 1A1D0A032C2E4B0500B1C385 /* magnussen.png */; };
		1A1D0A062C2E4B2600B1C385 /* hulkenberg.png in Resources */ = {isa = PBXBuildFile; fileRef = 1A1D0A052C2E4B2600B1C385 /* hulkenberg.png */; };
		1A1D0A082C2E4B3E00B1C385 /* ricciardo.png in Resources */ = {isa = PBXBuildFile; fileRef = 1A1D0A072C2E4B3D00B1C385 /* ricciardo.png */; };
		1A1D0A0A2C2E4B5E00B1C385 /* tsunoda.png in Resources */ = {isa = PBXBuildFile; fileRef = 1A1D0A092C2E4B5E00B1C385 /* tsunoda.png */; };
		1A1D0A0C2C2E540C00B1C385 /* TitleScreenSettingsView.swift in Sources */ = {isa = PBXBuildFile; fileRef = 1A1D0A0B2C2E540C00B1C385 /* TitleScreenSettingsView.swift */; };
		1A1D0A0E2C2E546A00B1C385 /* TitleScreenView.swift in Sources */ = {isa = PBXBuildFile; fileRef = 1A1D0A0D2C2E546A00B1C385 /* TitleScreenView.swift */; };
		1A1D0A142C35B32600B1C385 /* MainHubView.swift in Sources */ = {isa = PBXBuildFile; fileRef = 1A1D0A132C35B32600B1C385 /* MainHubView.swift */; };
		1A1D0A162C35BECA00B1C385 /* NewsTabView.swift in Sources */ = {isa = PBXBuildFile; fileRef = 1A1D0A152C35BECA00B1C385 /* NewsTabView.swift */; };
		1A1D0A182C35C50B00B1C385 /* CustomTabView.swift in Sources */ = {isa = PBXBuildFile; fileRef = 1A1D0A172C35C50B00B1C385 /* CustomTabView.swift */; };
		1A1D0A1A2C35C72E00B1C385 /* ReferenceManager.swift in Sources */ = {isa = PBXBuildFile; fileRef = 1A1D0A192C35C72E00B1C385 /* ReferenceManager.swift */; };
		1A1D0A1C2C3A17DC00B1C385 /* DriverTabView.swift in Sources */ = {isa = PBXBuildFile; fileRef = 1A1D0A1B2C3A17DC00B1C385 /* DriverTabView.swift */; };
		1A1D0A2C2C3B877D00B1C385 /* GoogleService-Info.plist in Resources */ = {isa = PBXBuildFile; fileRef = 1A1D0A2B2C3B877D00B1C385 /* GoogleService-Info.plist */; };
		1A1D0A2F2C3B89C300B1C385 /* FirebaseAnalytics in Frameworks */ = {isa = PBXBuildFile; productRef = 1A1D0A2E2C3B89C300B1C385 /* FirebaseAnalytics */; };
		1A1D0A312C3B89C300B1C385 /* FirebaseAnalyticsOnDeviceConversion in Frameworks */ = {isa = PBXBuildFile; productRef = 1A1D0A302C3B89C300B1C385 /* FirebaseAnalyticsOnDeviceConversion */; };
		1A1D0A332C3B89C300B1C385 /* FirebaseAnalyticsSwift in Frameworks */ = {isa = PBXBuildFile; productRef = 1A1D0A322C3B89C300B1C385 /* FirebaseAnalyticsSwift */; };
		1A1D0A352C3B89C300B1C385 /* FirebaseAnalyticsWithoutAdIdSupport in Frameworks */ = {isa = PBXBuildFile; productRef = 1A1D0A342C3B89C300B1C385 /* FirebaseAnalyticsWithoutAdIdSupport */; };
		1A1D0A372C3B89C300B1C385 /* FirebaseAppCheck in Frameworks */ = {isa = PBXBuildFile; productRef = 1A1D0A362C3B89C300B1C385 /* FirebaseAppCheck */; };
		1A1D0A3B2C3B8CC600B1C385 /* FirebaseAnalytics in Frameworks */ = {isa = PBXBuildFile; productRef = 1A1D0A3A2C3B8CC600B1C385 /* FirebaseAnalytics */; };
		1A1D0A3D2C3B8CC600B1C385 /* FirebaseAnalyticsOnDeviceConversion in Frameworks */ = {isa = PBXBuildFile; productRef = 1A1D0A3C2C3B8CC600B1C385 /* FirebaseAnalyticsOnDeviceConversion */; };
		1A1D0A3F2C3B8CC600B1C385 /* FirebaseAnalyticsSwift in Frameworks */ = {isa = PBXBuildFile; productRef = 1A1D0A3E2C3B8CC600B1C385 /* FirebaseAnalyticsSwift */; };
		1A1D0A412C3B8CC600B1C385 /* FirebaseAnalyticsWithoutAdIdSupport in Frameworks */ = {isa = PBXBuildFile; productRef = 1A1D0A402C3B8CC600B1C385 /* FirebaseAnalyticsWithoutAdIdSupport */; };
		1A1D0A432C3B8CC600B1C385 /* FirebaseAppCheck in Frameworks */ = {isa = PBXBuildFile; productRef = 1A1D0A422C3B8CC600B1C385 /* FirebaseAppCheck */; };
		1A1D0A452C3B8CC600B1C385 /* FirebaseAppDistribution-Beta in Frameworks */ = {isa = PBXBuildFile; productRef = 1A1D0A442C3B8CC600B1C385 /* FirebaseAppDistribution-Beta */; };
		1A1D0A472C3B8CC600B1C385 /* FirebaseAuth in Frameworks */ = {isa = PBXBuildFile; productRef = 1A1D0A462C3B8CC600B1C385 /* FirebaseAuth */; };
		1A1D0A492C3B8CC600B1C385 /* FirebaseAuthCombine-Community in Frameworks */ = {isa = PBXBuildFile; productRef = 1A1D0A482C3B8CC600B1C385 /* FirebaseAuthCombine-Community */; };
		1A1D0A4B2C3B8CC600B1C385 /* FirebaseCrashlytics in Frameworks */ = {isa = PBXBuildFile; productRef = 1A1D0A4A2C3B8CC600B1C385 /* FirebaseCrashlytics */; };
		1A1D0A4D2C3B8CC600B1C385 /* FirebaseDatabase in Frameworks */ = {isa = PBXBuildFile; productRef = 1A1D0A4C2C3B8CC600B1C385 /* FirebaseDatabase */; };
		1A1D0A4F2C3B8CC600B1C385 /* FirebaseDatabaseSwift in Frameworks */ = {isa = PBXBuildFile; productRef = 1A1D0A4E2C3B8CC600B1C385 /* FirebaseDatabaseSwift */; };
		1A1D0A512C3B8CC600B1C385 /* FirebaseDynamicLinks in Frameworks */ = {isa = PBXBuildFile; productRef = 1A1D0A502C3B8CC600B1C385 /* FirebaseDynamicLinks */; };
		1A1D0A532C3B8CC600B1C385 /* FirebaseFirestore in Frameworks */ = {isa = PBXBuildFile; productRef = 1A1D0A522C3B8CC600B1C385 /* FirebaseFirestore */; };
		1A1D0A552C3B8CC600B1C385 /* FirebaseFirestoreCombine-Community in Frameworks */ = {isa = PBXBuildFile; productRef = 1A1D0A542C3B8CC600B1C385 /* FirebaseFirestoreCombine-Community */; };
		1A1D0A572C3B8CC600B1C385 /* FirebaseFirestoreSwift in Frameworks */ = {isa = PBXBuildFile; productRef = 1A1D0A562C3B8CC600B1C385 /* FirebaseFirestoreSwift */; };
		1A1D0A592C3B8CC600B1C385 /* FirebaseFunctions in Frameworks */ = {isa = PBXBuildFile; productRef = 1A1D0A582C3B8CC600B1C385 /* FirebaseFunctions */; };
		1A1D0A5B2C3B8CC600B1C385 /* FirebaseFunctionsCombine-Community in Frameworks */ = {isa = PBXBuildFile; productRef = 1A1D0A5A2C3B8CC600B1C385 /* FirebaseFunctionsCombine-Community */; };
		1A1D0A5D2C3B8CC600B1C385 /* FirebaseInAppMessaging-Beta in Frameworks */ = {isa = PBXBuildFile; productRef = 1A1D0A5C2C3B8CC600B1C385 /* FirebaseInAppMessaging-Beta */; };
		1A1D0A5F2C3B8CC600B1C385 /* FirebaseInAppMessagingSwift-Beta in Frameworks */ = {isa = PBXBuildFile; productRef = 1A1D0A5E2C3B8CC600B1C385 /* FirebaseInAppMessagingSwift-Beta */; };
		1A1D0A612C3B8CC600B1C385 /* FirebaseInstallations in Frameworks */ = {isa = PBXBuildFile; productRef = 1A1D0A602C3B8CC600B1C385 /* FirebaseInstallations */; };
		1A1D0A632C3B8CC600B1C385 /* FirebaseMLModelDownloader in Frameworks */ = {isa = PBXBuildFile; productRef = 1A1D0A622C3B8CC600B1C385 /* FirebaseMLModelDownloader */; };
		1A1D0A652C3B8CC600B1C385 /* FirebaseMessaging in Frameworks */ = {isa = PBXBuildFile; productRef = 1A1D0A642C3B8CC600B1C385 /* FirebaseMessaging */; };
		1A1D0A672C3B8CC600B1C385 /* FirebasePerformance in Frameworks */ = {isa = PBXBuildFile; productRef = 1A1D0A662C3B8CC600B1C385 /* FirebasePerformance */; };
		1A1D0A692C3B8CC600B1C385 /* FirebaseRemoteConfig in Frameworks */ = {isa = PBXBuildFile; productRef = 1A1D0A682C3B8CC600B1C385 /* FirebaseRemoteConfig */; };
		1A1D0A6B2C3B8CC600B1C385 /* FirebaseRemoteConfigSwift in Frameworks */ = {isa = PBXBuildFile; productRef = 1A1D0A6A2C3B8CC600B1C385 /* FirebaseRemoteConfigSwift */; };
		1A1D0A6D2C3B8CC600B1C385 /* FirebaseStorage in Frameworks */ = {isa = PBXBuildFile; productRef = 1A1D0A6C2C3B8CC600B1C385 /* FirebaseStorage */; };
		1A1D0A6F2C3B8CC600B1C385 /* FirebaseStorageCombine-Community in Frameworks */ = {isa = PBXBuildFile; productRef = 1A1D0A6E2C3B8CC600B1C385 /* FirebaseStorageCombine-Community */; };
		1A1D0A712C3B8CC600B1C385 /* FirebaseVertexAI-Preview in Frameworks */ = {isa = PBXBuildFile; productRef = 1A1D0A702C3B8CC600B1C385 /* FirebaseVertexAI-Preview */; };
		1A1D0A732C3B8CDB00B1C385 /* FirebaseAnalytics in Frameworks */ = {isa = PBXBuildFile; productRef = 1A1D0A722C3B8CDB00B1C385 /* FirebaseAnalytics */; };
		1A1D0A752C3B8CDB00B1C385 /* FirebaseAnalyticsOnDeviceConversion in Frameworks */ = {isa = PBXBuildFile; productRef = 1A1D0A742C3B8CDB00B1C385 /* FirebaseAnalyticsOnDeviceConversion */; };
		1A1D0A772C3B8CDB00B1C385 /* FirebaseAnalyticsSwift in Frameworks */ = {isa = PBXBuildFile; productRef = 1A1D0A762C3B8CDB00B1C385 /* FirebaseAnalyticsSwift */; };
		1A1D0A792C3B8CDB00B1C385 /* FirebaseAnalyticsWithoutAdIdSupport in Frameworks */ = {isa = PBXBuildFile; productRef = 1A1D0A782C3B8CDB00B1C385 /* FirebaseAnalyticsWithoutAdIdSupport */; };
		1A1D0A7B2C3B8CDB00B1C385 /* FirebaseAppCheck in Frameworks */ = {isa = PBXBuildFile; productRef = 1A1D0A7A2C3B8CDB00B1C385 /* FirebaseAppCheck */; };
		1A1D0A7D2C3B8CDB00B1C385 /* FirebaseAppDistribution-Beta in Frameworks */ = {isa = PBXBuildFile; productRef = 1A1D0A7C2C3B8CDB00B1C385 /* FirebaseAppDistribution-Beta */; };
		1A1D0A7F2C3B8CDB00B1C385 /* FirebaseAuth in Frameworks */ = {isa = PBXBuildFile; productRef = 1A1D0A7E2C3B8CDB00B1C385 /* FirebaseAuth */; };
		1A1D0A812C3B8CDB00B1C385 /* FirebaseAuthCombine-Community in Frameworks */ = {isa = PBXBuildFile; productRef = 1A1D0A802C3B8CDB00B1C385 /* FirebaseAuthCombine-Community */; };
		1A1D0A832C3B8CDB00B1C385 /* FirebaseCrashlytics in Frameworks */ = {isa = PBXBuildFile; productRef = 1A1D0A822C3B8CDB00B1C385 /* FirebaseCrashlytics */; };
		1A1D0A852C3B8CDB00B1C385 /* FirebaseDatabase in Frameworks */ = {isa = PBXBuildFile; productRef = 1A1D0A842C3B8CDB00B1C385 /* FirebaseDatabase */; };
		1A1D0A872C3B8CDB00B1C385 /* FirebaseDatabaseSwift in Frameworks */ = {isa = PBXBuildFile; productRef = 1A1D0A862C3B8CDB00B1C385 /* FirebaseDatabaseSwift */; };
		1A1D0A892C3B8CDB00B1C385 /* FirebaseDynamicLinks in Frameworks */ = {isa = PBXBuildFile; productRef = 1A1D0A882C3B8CDB00B1C385 /* FirebaseDynamicLinks */; };
		1A1D0A8B2C3B8CDB00B1C385 /* FirebaseFirestore in Frameworks */ = {isa = PBXBuildFile; productRef = 1A1D0A8A2C3B8CDB00B1C385 /* FirebaseFirestore */; };
		1A1D0A8D2C3B8CDB00B1C385 /* FirebaseFirestoreCombine-Community in Frameworks */ = {isa = PBXBuildFile; productRef = 1A1D0A8C2C3B8CDB00B1C385 /* FirebaseFirestoreCombine-Community */; };
		1A1D0A8F2C3B8CDB00B1C385 /* FirebaseFirestoreSwift in Frameworks */ = {isa = PBXBuildFile; productRef = 1A1D0A8E2C3B8CDB00B1C385 /* FirebaseFirestoreSwift */; };
		1A1D0A912C3B8CDB00B1C385 /* FirebaseFunctions in Frameworks */ = {isa = PBXBuildFile; productRef = 1A1D0A902C3B8CDB00B1C385 /* FirebaseFunctions */; };
		1A1D0A932C3B8CDB00B1C385 /* FirebaseFunctionsCombine-Community in Frameworks */ = {isa = PBXBuildFile; productRef = 1A1D0A922C3B8CDB00B1C385 /* FirebaseFunctionsCombine-Community */; };
		1A1D0A952C3B8CDB00B1C385 /* FirebaseInAppMessaging-Beta in Frameworks */ = {isa = PBXBuildFile; productRef = 1A1D0A942C3B8CDB00B1C385 /* FirebaseInAppMessaging-Beta */; };
		1A1D0A972C3B8CDB00B1C385 /* FirebaseInAppMessagingSwift-Beta in Frameworks */ = {isa = PBXBuildFile; productRef = 1A1D0A962C3B8CDB00B1C385 /* FirebaseInAppMessagingSwift-Beta */; };
		1A1D0A992C3B8CDB00B1C385 /* FirebaseInstallations in Frameworks */ = {isa = PBXBuildFile; productRef = 1A1D0A982C3B8CDB00B1C385 /* FirebaseInstallations */; };
		1A1D0A9B2C3B8CDB00B1C385 /* FirebaseMLModelDownloader in Frameworks */ = {isa = PBXBuildFile; productRef = 1A1D0A9A2C3B8CDB00B1C385 /* FirebaseMLModelDownloader */; };
		1A1D0A9D2C3B8CDB00B1C385 /* FirebaseMessaging in Frameworks */ = {isa = PBXBuildFile; productRef = 1A1D0A9C2C3B8CDB00B1C385 /* FirebaseMessaging */; };
		1A1D0A9F2C3B8CDB00B1C385 /* FirebasePerformance in Frameworks */ = {isa = PBXBuildFile; productRef = 1A1D0A9E2C3B8CDB00B1C385 /* FirebasePerformance */; };
		1A1D0AA12C3B8CDB00B1C385 /* FirebaseRemoteConfig in Frameworks */ = {isa = PBXBuildFile; productRef = 1A1D0AA02C3B8CDB00B1C385 /* FirebaseRemoteConfig */; };
		1A1D0AA32C3B8CDB00B1C385 /* FirebaseRemoteConfigSwift in Frameworks */ = {isa = PBXBuildFile; productRef = 1A1D0AA22C3B8CDB00B1C385 /* FirebaseRemoteConfigSwift */; };
		1A1D0AA52C3B8CDB00B1C385 /* FirebaseStorage in Frameworks */ = {isa = PBXBuildFile; productRef = 1A1D0AA42C3B8CDB00B1C385 /* FirebaseStorage */; };
		1A1D0AA72C3B8CDB00B1C385 /* FirebaseStorageCombine-Community in Frameworks */ = {isa = PBXBuildFile; productRef = 1A1D0AA62C3B8CDB00B1C385 /* FirebaseStorageCombine-Community */; };
		1A1D0AA92C3B8CDB00B1C385 /* FirebaseVertexAI-Preview in Frameworks */ = {isa = PBXBuildFile; productRef = 1A1D0AA82C3B8CDB00B1C385 /* FirebaseVertexAI-Preview */; };
		1A1D0AAC2C3B93DB00B1C385 /* FirebaseDatabase.swift in Sources */ = {isa = PBXBuildFile; fileRef = 1A1D0AAB2C3B93DB00B1C385 /* FirebaseDatabase.swift */; };
		1A1D0AAE2C3C699600B1C385 /* standingsainz.png in Resources */ = {isa = PBXBuildFile; fileRef = 1A1D0AAD2C3C699600B1C385 /* standingsainz.png */; };
		1A1D0AB02C3C75E500B1C385 /* standinghamilton.png in Resources */ = {isa = PBXBuildFile; fileRef = 1A1D0AAF2C3C75E500B1C385 /* standinghamilton.png */; };
/* End PBXBuildFile section */

/* Begin PBXFileReference section */
		1A1D09C32C2E287700B1C385 /* F1Superfan.app */ = {isa = PBXFileReference; explicitFileType = wrapper.application; includeInIndex = 0; path = F1Superfan.app; sourceTree = BUILT_PRODUCTS_DIR; };
		1A1D09C62C2E287700B1C385 /* F1SuperfanApp.swift */ = {isa = PBXFileReference; lastKnownFileType = sourcecode.swift; path = F1SuperfanApp.swift; sourceTree = "<group>"; };
		1A1D09C82C2E287700B1C385 /* ContentView.swift */ = {isa = PBXFileReference; lastKnownFileType = sourcecode.swift; path = ContentView.swift; sourceTree = "<group>"; };
		1A1D09CA2C2E287800B1C385 /* Assets.xcassets */ = {isa = PBXFileReference; lastKnownFileType = folder.assetcatalog; path = Assets.xcassets; sourceTree = "<group>"; };
		1A1D09CD2C2E287800B1C385 /* Preview Assets.xcassets */ = {isa = PBXFileReference; lastKnownFileType = folder.assetcatalog; path = "Preview Assets.xcassets"; sourceTree = "<group>"; };
		1A1D09D42C2E2B7000B1C385 /* Info.plist */ = {isa = PBXFileReference; lastKnownFileType = text.plist; path = Info.plist; sourceTree = "<group>"; };
		1A1D09D52C2E2C5500B1C385 /* Formula1-Wide.otf */ = {isa = PBXFileReference; lastKnownFileType = file; path = "Formula1-Wide.otf"; sourceTree = "<group>"; };
		1A1D09D62C2E2C5500B1C385 /* Formula1-Regular.otf */ = {isa = PBXFileReference; lastKnownFileType = file; path = "Formula1-Regular.otf"; sourceTree = "<group>"; };
		1A1D09D72C2E2C5500B1C385 /* Formula1-Bold.otf */ = {isa = PBXFileReference; lastKnownFileType = file; path = "Formula1-Bold.otf"; sourceTree = "<group>"; };
		1A1D09DB2C2E2FE100B1C385 /* image.png */ = {isa = PBXFileReference; lastKnownFileType = image.png; path = image.png; sourceTree = "<group>"; };
		1A1D09E32C2E46A600B1C385 /* leclerc.png */ = {isa = PBXFileReference; lastKnownFileType = image.png; path = leclerc.png; sourceTree = "<group>"; };
		1A1D09E52C2E46C100B1C385 /* hamilton.png */ = {isa = PBXFileReference; lastKnownFileType = image.png; path = hamilton.png; sourceTree = "<group>"; };
		1A1D09E72C2E46CA00B1C385 /* russell.png */ = {isa = PBXFileReference; lastKnownFileType = image.png; path = russell.png; sourceTree = "<group>"; };
		1A1D09E92C2E473F00B1C385 /* sainz.png */ = {isa = PBXFileReference; lastKnownFileType = image.png; path = sainz.png; sourceTree = "<group>"; };
		1A1D09EB2C2E482100B1C385 /* verstappen.png */ = {isa = PBXFileReference; lastKnownFileType = image.png; path = verstappen.png; sourceTree = "<group>"; };
		1A1D09ED2C2E486600B1C385 /* perez.png */ = {isa = PBXFileReference; lastKnownFileType = image.png; path = perez.png; sourceTree = "<group>"; };
		1A1D09EF2C2E48B800B1C385 /* alonso.png */ = {isa = PBXFileReference; lastKnownFileType = image.png; path = alonso.png; sourceTree = "<group>"; };
		1A1D09F12C2E48FB00B1C385 /* stroll.png */ = {isa = PBXFileReference; lastKnownFileType = image.png; path = stroll.png; sourceTree = "<group>"; };
		1A1D09F32C2E492400B1C385 /* norris.png */ = {isa = PBXFileReference; lastKnownFileType = image.png; path = norris.png; sourceTree = "<group>"; };
		1A1D09F52C2E494A00B1C385 /* piastri.png */ = {isa = PBXFileReference; lastKnownFileType = image.png; path = piastri.png; sourceTree = "<group>"; };
		1A1D09F72C2E497E00B1C385 /* gasly.png */ = {isa = PBXFileReference; lastKnownFileType = image.png; path = gasly.png; sourceTree = "<group>"; };
		1A1D09F92C2E4A4C00B1C385 /* ocon.png */ = {isa = PBXFileReference; lastKnownFileType = image.png; path = ocon.png; sourceTree = "<group>"; };
		1A1D09FB2C2E4A8E00B1C385 /* albon.png */ = {isa = PBXFileReference; lastKnownFileType = image.png; path = albon.png; sourceTree = "<group>"; };
		1A1D09FD2C2E4AAC00B1C385 /* sargeant.png */ = {isa = PBXFileReference; lastKnownFileType = image.png; path = sargeant.png; sourceTree = "<group>"; };
		1A1D09FF2C2E4AD200B1C385 /* bottas.png */ = {isa = PBXFileReference; lastKnownFileType = image.png; path = bottas.png; sourceTree = "<group>"; };
		1A1D0A012C2E4AE600B1C385 /* zhou.png */ = {isa = PBXFileReference; lastKnownFileType = image.png; path = zhou.png; sourceTree = "<group>"; };
		1A1D0A032C2E4B0500B1C385 /* magnussen.png */ = {isa = PBXFileReference; lastKnownFileType = image.png; path = magnussen.png; sourceTree = "<group>"; };
		1A1D0A052C2E4B2600B1C385 /* hulkenberg.png */ = {isa = PBXFileReference; lastKnownFileType = image.png; path = hulkenberg.png; sourceTree = "<group>"; };
		1A1D0A072C2E4B3D00B1C385 /* ricciardo.png */ = {isa = PBXFileReference; lastKnownFileType = image.png; path = ricciardo.png; sourceTree = "<group>"; };
		1A1D0A092C2E4B5E00B1C385 /* tsunoda.png */ = {isa = PBXFileReference; lastKnownFileType = image.png; path = tsunoda.png; sourceTree = "<group>"; };
		1A1D0A0B2C2E540C00B1C385 /* TitleScreenSettingsView.swift */ = {isa = PBXFileReference; lastKnownFileType = sourcecode.swift; path = TitleScreenSettingsView.swift; sourceTree = "<group>"; };
		1A1D0A0D2C2E546A00B1C385 /* TitleScreenView.swift */ = {isa = PBXFileReference; lastKnownFileType = sourcecode.swift; path = TitleScreenView.swift; sourceTree = "<group>"; };
		1A1D0A112C2E59A700B1C385 /* README.md */ = {isa = PBXFileReference; lastKnownFileType = net.daringfireball.markdown; path = README.md; sourceTree = "<group>"; };
		1A1D0A122C2E5A4D00B1C385 /* LICENSE.md */ = {isa = PBXFileReference; lastKnownFileType = net.daringfireball.markdown; path = LICENSE.md; sourceTree = "<group>"; };
		1A1D0A132C35B32600B1C385 /* MainHubView.swift */ = {isa = PBXFileReference; lastKnownFileType = sourcecode.swift; path = MainHubView.swift; sourceTree = "<group>"; };
		1A1D0A152C35BECA00B1C385 /* NewsTabView.swift */ = {isa = PBXFileReference; lastKnownFileType = sourcecode.swift; path = NewsTabView.swift; sourceTree = "<group>"; };
		1A1D0A172C35C50B00B1C385 /* CustomTabView.swift */ = {isa = PBXFileReference; lastKnownFileType = sourcecode.swift; path = CustomTabView.swift; sourceTree = "<group>"; };
		1A1D0A192C35C72E00B1C385 /* ReferenceManager.swift */ = {isa = PBXFileReference; lastKnownFileType = sourcecode.swift; path = ReferenceManager.swift; sourceTree = "<group>"; };
		1A1D0A1B2C3A17DC00B1C385 /* DriverTabView.swift */ = {isa = PBXFileReference; lastKnownFileType = sourcecode.swift; path = DriverTabView.swift; sourceTree = "<group>"; };
		1A1D0A2B2C3B877D00B1C385 /* GoogleService-Info.plist */ = {isa = PBXFileReference; fileEncoding = 4; lastKnownFileType = text.plist.xml; path = "GoogleService-Info.plist"; sourceTree = "<group>"; };
		1A1D0AAB2C3B93DB00B1C385 /* FirebaseDatabase.swift */ = {isa = PBXFileReference; lastKnownFileType = sourcecode.swift; path = FirebaseDatabase.swift; sourceTree = "<group>"; };
		1A1D0AAD2C3C699600B1C385 /* standingsainz.png */ = {isa = PBXFileReference; lastKnownFileType = image.png; path = standingsainz.png; sourceTree = "<group>"; };
		1A1D0AAF2C3C75E500B1C385 /* standinghamilton.png */ = {isa = PBXFileReference; lastKnownFileType = image.png; path = standinghamilton.png; sourceTree = "<group>"; };
/* End PBXFileReference section */

/* Begin PBXFrameworksBuildPhase section */
		1A1D09C02C2E287700B1C385 /* Frameworks */ = {
			isa = PBXFrameworksBuildPhase;
			buildActionMask = 2147483647;
			files = (
				1A1D0A692C3B8CC600B1C385 /* FirebaseRemoteConfig in Frameworks */,
				1A1D0A652C3B8CC600B1C385 /* FirebaseMessaging in Frameworks */,
				1A1D0A9F2C3B8CDB00B1C385 /* FirebasePerformance in Frameworks */,
				1A1D0A972C3B8CDB00B1C385 /* FirebaseInAppMessagingSwift-Beta in Frameworks */,
				1A1D0A4F2C3B8CC600B1C385 /* FirebaseDatabaseSwift in Frameworks */,
				1A1D0A412C3B8CC600B1C385 /* FirebaseAnalyticsWithoutAdIdSupport in Frameworks */,
				1A1D0A7B2C3B8CDB00B1C385 /* FirebaseAppCheck in Frameworks */,
				1A1D0A772C3B8CDB00B1C385 /* FirebaseAnalyticsSwift in Frameworks */,
				1A1D0A5F2C3B8CC600B1C385 /* FirebaseInAppMessagingSwift-Beta in Frameworks */,
				1A1D0A8F2C3B8CDB00B1C385 /* FirebaseFirestoreSwift in Frameworks */,
				1A1D0AA72C3B8CDB00B1C385 /* FirebaseStorageCombine-Community in Frameworks */,
				1A1D0A7F2C3B8CDB00B1C385 /* FirebaseAuth in Frameworks */,
				1A1D0AA52C3B8CDB00B1C385 /* FirebaseStorage in Frameworks */,
				1A1D0A792C3B8CDB00B1C385 /* FirebaseAnalyticsWithoutAdIdSupport in Frameworks */,
				1A1D0A5D2C3B8CC600B1C385 /* FirebaseInAppMessaging-Beta in Frameworks */,
				1A1D0A3F2C3B8CC600B1C385 /* FirebaseAnalyticsSwift in Frameworks */,
				1A1D0A672C3B8CC600B1C385 /* FirebasePerformance in Frameworks */,
				1A1D0A452C3B8CC600B1C385 /* FirebaseAppDistribution-Beta in Frameworks */,
				1A1D0A6B2C3B8CC600B1C385 /* FirebaseRemoteConfigSwift in Frameworks */,
				1A1D0A492C3B8CC600B1C385 /* FirebaseAuthCombine-Community in Frameworks */,
				1A1D0A512C3B8CC600B1C385 /* FirebaseDynamicLinks in Frameworks */,
				1A1D0A312C3B89C300B1C385 /* FirebaseAnalyticsOnDeviceConversion in Frameworks */,
				1A1D0A432C3B8CC600B1C385 /* FirebaseAppCheck in Frameworks */,
				1A1D0A812C3B8CDB00B1C385 /* FirebaseAuthCombine-Community in Frameworks */,
				1A1D0A612C3B8CC600B1C385 /* FirebaseInstallations in Frameworks */,
				1A1D0A752C3B8CDB00B1C385 /* FirebaseAnalyticsOnDeviceConversion in Frameworks */,
				1A1D0A532C3B8CC600B1C385 /* FirebaseFirestore in Frameworks */,
				1A1D0A8B2C3B8CDB00B1C385 /* FirebaseFirestore in Frameworks */,
				1A1D0A3D2C3B8CC600B1C385 /* FirebaseAnalyticsOnDeviceConversion in Frameworks */,
				1A1D0A992C3B8CDB00B1C385 /* FirebaseInstallations in Frameworks */,
				1A1D0A872C3B8CDB00B1C385 /* FirebaseDatabaseSwift in Frameworks */,
				1A1D0A6D2C3B8CC600B1C385 /* FirebaseStorage in Frameworks */,
				1A1D0A712C3B8CC600B1C385 /* FirebaseVertexAI-Preview in Frameworks */,
				1A1D0A332C3B89C300B1C385 /* FirebaseAnalyticsSwift in Frameworks */,
				1A1D0A552C3B8CC600B1C385 /* FirebaseFirestoreCombine-Community in Frameworks */,
				1A1D0A2F2C3B89C300B1C385 /* FirebaseAnalytics in Frameworks */,
				1A1D0A912C3B8CDB00B1C385 /* FirebaseFunctions in Frameworks */,
				1A1D0AA32C3B8CDB00B1C385 /* FirebaseRemoteConfigSwift in Frameworks */,
				1A1D0A892C3B8CDB00B1C385 /* FirebaseDynamicLinks in Frameworks */,
				1A1D0A592C3B8CC600B1C385 /* FirebaseFunctions in Frameworks */,
				1A1D0A9D2C3B8CDB00B1C385 /* FirebaseMessaging in Frameworks */,
				1A1D0A372C3B89C300B1C385 /* FirebaseAppCheck in Frameworks */,
				1A1D0A9B2C3B8CDB00B1C385 /* FirebaseMLModelDownloader in Frameworks */,
				1A1D0A952C3B8CDB00B1C385 /* FirebaseInAppMessaging-Beta in Frameworks */,
				1A1D0A3B2C3B8CC600B1C385 /* FirebaseAnalytics in Frameworks */,
				1A1D0A4B2C3B8CC600B1C385 /* FirebaseCrashlytics in Frameworks */,
				1A1D0AA92C3B8CDB00B1C385 /* FirebaseVertexAI-Preview in Frameworks */,
				1A1D0A5B2C3B8CC600B1C385 /* FirebaseFunctionsCombine-Community in Frameworks */,
				1A1D0A4D2C3B8CC600B1C385 /* FirebaseDatabase in Frameworks */,
				1A1D0A352C3B89C300B1C385 /* FirebaseAnalyticsWithoutAdIdSupport in Frameworks */,
				1A1D0A7D2C3B8CDB00B1C385 /* FirebaseAppDistribution-Beta in Frameworks */,
				1A1D0A632C3B8CC600B1C385 /* FirebaseMLModelDownloader in Frameworks */,
				1A1D0AA12C3B8CDB00B1C385 /* FirebaseRemoteConfig in Frameworks */,
				1A1D0A832C3B8CDB00B1C385 /* FirebaseCrashlytics in Frameworks */,
				1A1D0A932C3B8CDB00B1C385 /* FirebaseFunctionsCombine-Community in Frameworks */,
				1A1D0A8D2C3B8CDB00B1C385 /* FirebaseFirestoreCombine-Community in Frameworks */,
				1A1D0A472C3B8CC600B1C385 /* FirebaseAuth in Frameworks */,
				1A1D0A6F2C3B8CC600B1C385 /* FirebaseStorageCombine-Community in Frameworks */,
				1A1D0A732C3B8CDB00B1C385 /* FirebaseAnalytics in Frameworks */,
				1A1D0A572C3B8CC600B1C385 /* FirebaseFirestoreSwift in Frameworks */,
				1A1D0A852C3B8CDB00B1C385 /* FirebaseDatabase in Frameworks */,
			);
			runOnlyForDeploymentPostprocessing = 0;
		};
/* End PBXFrameworksBuildPhase section */

/* Begin PBXGroup section */
		1A1D09BA2C2E287700B1C385 = {
			isa = PBXGroup;
			children = (
				1A1D0A122C2E5A4D00B1C385 /* LICENSE.md */,
				1A1D0A112C2E59A700B1C385 /* README.md */,
				1A1D09C52C2E287700B1C385 /* F1Superfan */,
				1A1D09C42C2E287700B1C385 /* Products */,
				1A1D0AAA2C3B8D4900B1C385 /* Frameworks */,
			);
			sourceTree = "<group>";
		};
		1A1D09C42C2E287700B1C385 /* Products */ = {
			isa = PBXGroup;
			children = (
				1A1D09C32C2E287700B1C385 /* F1Superfan.app */,
			);
			name = Products;
			sourceTree = "<group>";
		};
		1A1D09C52C2E287700B1C385 /* F1Superfan */ = {
			isa = PBXGroup;
			children = (
				1A1D0A102C2E55EC00B1C385 /* Images */,
				1A1D0A0F2C2E55DD00B1C385 /* Fonts */,
				1A1D09D42C2E2B7000B1C385 /* Info.plist */,
				1A1D0AAB2C3B93DB00B1C385 /* FirebaseDatabase.swift */,
				1A1D09C62C2E287700B1C385 /* F1SuperfanApp.swift */,
				1A1D09C82C2E287700B1C385 /* ContentView.swift */,
				1A1D0A132C35B32600B1C385 /* MainHubView.swift */,
				1A1D0A1B2C3A17DC00B1C385 /* DriverTabView.swift */,
				1A1D0A2B2C3B877D00B1C385 /* GoogleService-Info.plist */,
				1A1D0A172C35C50B00B1C385 /* CustomTabView.swift */,
				1A1D0A152C35BECA00B1C385 /* NewsTabView.swift */,
				1A1D0A0D2C2E546A00B1C385 /* TitleScreenView.swift */,
				1A1D0A192C35C72E00B1C385 /* ReferenceManager.swift */,
				1A1D0A0B2C2E540C00B1C385 /* TitleScreenSettingsView.swift */,
				1A1D09CA2C2E287800B1C385 /* Assets.xcassets */,
				1A1D09CC2C2E287800B1C385 /* Preview Content */,
			);
			path = F1Superfan;
			sourceTree = "<group>";
		};
		1A1D09CC2C2E287800B1C385 /* Preview Content */ = {
			isa = PBXGroup;
			children = (
				1A1D09CD2C2E287800B1C385 /* Preview Assets.xcassets */,
			);
			path = "Preview Content";
			sourceTree = "<group>";
		};
		1A1D0A0F2C2E55DD00B1C385 /* Fonts */ = {
			isa = PBXGroup;
			children = (
				1A1D09D72C2E2C5500B1C385 /* Formula1-Bold.otf */,
				1A1D09D62C2E2C5500B1C385 /* Formula1-Regular.otf */,
				1A1D09D52C2E2C5500B1C385 /* Formula1-Wide.otf */,
			);
			path = Fonts;
			sourceTree = "<group>";
		};
		1A1D0A102C2E55EC00B1C385 /* Images */ = {
			isa = PBXGroup;
			children = (
				1A1D0AAF2C3C75E500B1C385 /* standinghamilton.png */,
				1A1D0AAD2C3C699600B1C385 /* standingsainz.png */,
				1A1D09FF2C2E4AD200B1C385 /* bottas.png */,
				1A1D09F12C2E48FB00B1C385 /* stroll.png */,
				1A1D09F32C2E492400B1C385 /* norris.png */,
				1A1D09F92C2E4A4C00B1C385 /* ocon.png */,
				1A1D0A012C2E4AE600B1C385 /* zhou.png */,
				1A1D09ED2C2E486600B1C385 /* perez.png */,
				1A1D09F52C2E494A00B1C385 /* piastri.png */,
				1A1D09E52C2E46C100B1C385 /* hamilton.png */,
				1A1D09E92C2E473F00B1C385 /* sainz.png */,
				1A1D0A052C2E4B2600B1C385 /* hulkenberg.png */,
				1A1D09FD2C2E4AAC00B1C385 /* sargeant.png */,
				1A1D09E72C2E46CA00B1C385 /* russell.png */,
				1A1D09EF2C2E48B800B1C385 /* alonso.png */,
				1A1D09EB2C2E482100B1C385 /* verstappen.png */,
				1A1D09FB2C2E4A8E00B1C385 /* albon.png */,
				1A1D09F72C2E497E00B1C385 /* gasly.png */,
				1A1D09DB2C2E2FE100B1C385 /* image.png */,
				1A1D09E32C2E46A600B1C385 /* leclerc.png */,
				1A1D0A032C2E4B0500B1C385 /* magnussen.png */,
				1A1D0A072C2E4B3D00B1C385 /* ricciardo.png */,
				1A1D0A092C2E4B5E00B1C385 /* tsunoda.png */,
			);
			path = Images;
			sourceTree = "<group>";
		};
		1A1D0AAA2C3B8D4900B1C385 /* Frameworks */ = {
			isa = PBXGroup;
			children = (
			);
			name = Frameworks;
			sourceTree = "<group>";
		};
/* End PBXGroup section */

/* Begin PBXNativeTarget section */
		1A1D09C22C2E287700B1C385 /* F1Superfan */ = {
			isa = PBXNativeTarget;
			buildConfigurationList = 1A1D09D12C2E287800B1C385 /* Build configuration list for PBXNativeTarget "F1Superfan" */;
			buildPhases = (
				1A1D09BF2C2E287700B1C385 /* Sources */,
				1A1D09C02C2E287700B1C385 /* Frameworks */,
				1A1D09C12C2E287700B1C385 /* Resources */,
			);
			buildRules = (
			);
			dependencies = (
			);
			name = F1Superfan;
			packageProductDependencies = (
				1A1D0A2E2C3B89C300B1C385 /* FirebaseAnalytics */,
				1A1D0A302C3B89C300B1C385 /* FirebaseAnalyticsOnDeviceConversion */,
				1A1D0A322C3B89C300B1C385 /* FirebaseAnalyticsSwift */,
				1A1D0A342C3B89C300B1C385 /* FirebaseAnalyticsWithoutAdIdSupport */,
				1A1D0A362C3B89C300B1C385 /* FirebaseAppCheck */,
				1A1D0A3A2C3B8CC600B1C385 /* FirebaseAnalytics */,
				1A1D0A3C2C3B8CC600B1C385 /* FirebaseAnalyticsOnDeviceConversion */,
				1A1D0A3E2C3B8CC600B1C385 /* FirebaseAnalyticsSwift */,
				1A1D0A402C3B8CC600B1C385 /* FirebaseAnalyticsWithoutAdIdSupport */,
				1A1D0A422C3B8CC600B1C385 /* FirebaseAppCheck */,
				1A1D0A442C3B8CC600B1C385 /* FirebaseAppDistribution-Beta */,
				1A1D0A462C3B8CC600B1C385 /* FirebaseAuth */,
				1A1D0A482C3B8CC600B1C385 /* FirebaseAuthCombine-Community */,
				1A1D0A4A2C3B8CC600B1C385 /* FirebaseCrashlytics */,
				1A1D0A4C2C3B8CC600B1C385 /* FirebaseDatabase */,
				1A1D0A4E2C3B8CC600B1C385 /* FirebaseDatabaseSwift */,
				1A1D0A502C3B8CC600B1C385 /* FirebaseDynamicLinks */,
				1A1D0A522C3B8CC600B1C385 /* FirebaseFirestore */,
				1A1D0A542C3B8CC600B1C385 /* FirebaseFirestoreCombine-Community */,
				1A1D0A562C3B8CC600B1C385 /* FirebaseFirestoreSwift */,
				1A1D0A582C3B8CC600B1C385 /* FirebaseFunctions */,
				1A1D0A5A2C3B8CC600B1C385 /* FirebaseFunctionsCombine-Community */,
				1A1D0A5C2C3B8CC600B1C385 /* FirebaseInAppMessaging-Beta */,
				1A1D0A5E2C3B8CC600B1C385 /* FirebaseInAppMessagingSwift-Beta */,
				1A1D0A602C3B8CC600B1C385 /* FirebaseInstallations */,
				1A1D0A622C3B8CC600B1C385 /* FirebaseMLModelDownloader */,
				1A1D0A642C3B8CC600B1C385 /* FirebaseMessaging */,
				1A1D0A662C3B8CC600B1C385 /* FirebasePerformance */,
				1A1D0A682C3B8CC600B1C385 /* FirebaseRemoteConfig */,
				1A1D0A6A2C3B8CC600B1C385 /* FirebaseRemoteConfigSwift */,
				1A1D0A6C2C3B8CC600B1C385 /* FirebaseStorage */,
				1A1D0A6E2C3B8CC600B1C385 /* FirebaseStorageCombine-Community */,
				1A1D0A702C3B8CC600B1C385 /* FirebaseVertexAI-Preview */,
				1A1D0A722C3B8CDB00B1C385 /* FirebaseAnalytics */,
				1A1D0A742C3B8CDB00B1C385 /* FirebaseAnalyticsOnDeviceConversion */,
				1A1D0A762C3B8CDB00B1C385 /* FirebaseAnalyticsSwift */,
				1A1D0A782C3B8CDB00B1C385 /* FirebaseAnalyticsWithoutAdIdSupport */,
				1A1D0A7A2C3B8CDB00B1C385 /* FirebaseAppCheck */,
				1A1D0A7C2C3B8CDB00B1C385 /* FirebaseAppDistribution-Beta */,
				1A1D0A7E2C3B8CDB00B1C385 /* FirebaseAuth */,
				1A1D0A802C3B8CDB00B1C385 /* FirebaseAuthCombine-Community */,
				1A1D0A822C3B8CDB00B1C385 /* FirebaseCrashlytics */,
				1A1D0A842C3B8CDB00B1C385 /* FirebaseDatabase */,
				1A1D0A862C3B8CDB00B1C385 /* FirebaseDatabaseSwift */,
				1A1D0A882C3B8CDB00B1C385 /* FirebaseDynamicLinks */,
				1A1D0A8A2C3B8CDB00B1C385 /* FirebaseFirestore */,
				1A1D0A8C2C3B8CDB00B1C385 /* FirebaseFirestoreCombine-Community */,
				1A1D0A8E2C3B8CDB00B1C385 /* FirebaseFirestoreSwift */,
				1A1D0A902C3B8CDB00B1C385 /* FirebaseFunctions */,
				1A1D0A922C3B8CDB00B1C385 /* FirebaseFunctionsCombine-Community */,
				1A1D0A942C3B8CDB00B1C385 /* FirebaseInAppMessaging-Beta */,
				1A1D0A962C3B8CDB00B1C385 /* FirebaseInAppMessagingSwift-Beta */,
				1A1D0A982C3B8CDB00B1C385 /* FirebaseInstallations */,
				1A1D0A9A2C3B8CDB00B1C385 /* FirebaseMLModelDownloader */,
				1A1D0A9C2C3B8CDB00B1C385 /* FirebaseMessaging */,
				1A1D0A9E2C3B8CDB00B1C385 /* FirebasePerformance */,
				1A1D0AA02C3B8CDB00B1C385 /* FirebaseRemoteConfig */,
				1A1D0AA22C3B8CDB00B1C385 /* FirebaseRemoteConfigSwift */,
				1A1D0AA42C3B8CDB00B1C385 /* FirebaseStorage */,
				1A1D0AA62C3B8CDB00B1C385 /* FirebaseStorageCombine-Community */,
				1A1D0AA82C3B8CDB00B1C385 /* FirebaseVertexAI-Preview */,
			);
			productName = F1Superfan;
			productReference = 1A1D09C32C2E287700B1C385 /* F1Superfan.app */;
			productType = "com.apple.product-type.application";
		};
/* End PBXNativeTarget section */

/* Begin PBXProject section */
		1A1D09BB2C2E287700B1C385 /* Project object */ = {
			isa = PBXProject;
			attributes = {
				BuildIndependentTargetsInParallel = 1;
				LastSwiftUpdateCheck = 1520;
				LastUpgradeCheck = 1520;
				TargetAttributes = {
					1A1D09C22C2E287700B1C385 = {
						CreatedOnToolsVersion = 15.2;
					};
				};
			};
			buildConfigurationList = 1A1D09BE2C2E287700B1C385 /* Build configuration list for PBXProject "F1Superfan" */;
			compatibilityVersion = "Xcode 14.0";
			developmentRegion = en;
			hasScannedForEncodings = 0;
			knownRegions = (
				en,
				Base,
			);
			mainGroup = 1A1D09BA2C2E287700B1C385;
			packageReferences = (
				1A1D0A2D2C3B89C300B1C385 /* XCRemoteSwiftPackageReference "firebase-ios-sdk" */,
			);
			productRefGroup = 1A1D09C42C2E287700B1C385 /* Products */;
			projectDirPath = "";
			projectRoot = "";
			targets = (
				1A1D09C22C2E287700B1C385 /* F1Superfan */,
			);
		};
/* End PBXProject section */

/* Begin PBXResourcesBuildPhase section */
		1A1D09C12C2E287700B1C385 /* Resources */ = {
			isa = PBXResourcesBuildPhase;
			buildActionMask = 2147483647;
			files = (
				1A1D0A062C2E4B2600B1C385 /* hulkenberg.png in Resources */,
				1A1D0A042C2E4B0500B1C385 /* magnussen.png in Resources */,
				1A1D09FE2C2E4AAC00B1C385 /* sargeant.png in Resources */,
				1A1D09CE2C2E287800B1C385 /* Preview Assets.xcassets in Resources */,
				1A1D09F42C2E492400B1C385 /* norris.png in Resources */,
				1A1D0A022C2E4AE600B1C385 /* zhou.png in Resources */,
				1A1D09FA2C2E4A4C00B1C385 /* ocon.png in Resources */,
				1A1D09EA2C2E473F00B1C385 /* sainz.png in Resources */,
				1A1D09EE2C2E486600B1C385 /* perez.png in Resources */,
				1A1D0A082C2E4B3E00B1C385 /* ricciardo.png in Resources */,
				1A1D0A0A2C2E4B5E00B1C385 /* tsunoda.png in Resources */,
				1A1D0A2C2C3B877D00B1C385 /* GoogleService-Info.plist in Resources */,
				1A1D09F82C2E497E00B1C385 /* gasly.png in Resources */,
				1A1D09D92C2E2C5500B1C385 /* Formula1-Regular.otf in Resources */,
				1A1D0AB02C3C75E500B1C385 /* standinghamilton.png in Resources */,
				1A1D09DA2C2E2C5500B1C385 /* Formula1-Bold.otf in Resources */,
				1A1D09E82C2E46CA00B1C385 /* russell.png in Resources */,
				1A1D09E62C2E46C100B1C385 /* hamilton.png in Resources */,
				1A1D0A002C2E4AD200B1C385 /* bottas.png in Resources */,
				1A1D09F22C2E48FB00B1C385 /* stroll.png in Resources */,
				1A1D09D82C2E2C5500B1C385 /* Formula1-Wide.otf in Resources */,
				1A1D09F62C2E494A00B1C385 /* piastri.png in Resources */,
				1A1D0AAE2C3C699600B1C385 /* standingsainz.png in Resources */,
				1A1D09F02C2E48B800B1C385 /* alonso.png in Resources */,
				1A1D09FC2C2E4A8E00B1C385 /* albon.png in Resources */,
				1A1D09EC2C2E482100B1C385 /* verstappen.png in Resources */,
				1A1D09CB2C2E287800B1C385 /* Assets.xcassets in Resources */,
				1A1D09DC2C2E2FE200B1C385 /* image.png in Resources */,
				1A1D09E42C2E46A600B1C385 /* leclerc.png in Resources */,
			);
			runOnlyForDeploymentPostprocessing = 0;
		};
/* End PBXResourcesBuildPhase section */

/* Begin PBXSourcesBuildPhase section */
		1A1D09BF2C2E287700B1C385 /* Sources */ = {
			isa = PBXSourcesBuildPhase;
			buildActionMask = 2147483647;
			files = (
				1A1D09C92C2E287700B1C385 /* ContentView.swift in Sources */,
				1A1D0A0E2C2E546A00B1C385 /* TitleScreenView.swift in Sources */,
				1A1D0A0C2C2E540C00B1C385 /* TitleScreenSettingsView.swift in Sources */,
				1A1D0A162C35BECA00B1C385 /* NewsTabView.swift in Sources */,
				1A1D0A182C35C50B00B1C385 /* CustomTabView.swift in Sources */,
				1A1D0AAC2C3B93DB00B1C385 /* FirebaseDatabase.swift in Sources */,
				1A1D0A1C2C3A17DC00B1C385 /* DriverTabView.swift in Sources */,
				1A1D09C72C2E287700B1C385 /* F1SuperfanApp.swift in Sources */,
				1A1D0A142C35B32600B1C385 /* MainHubView.swift in Sources */,
				1A1D0A1A2C35C72E00B1C385 /* ReferenceManager.swift in Sources */,
			);
			runOnlyForDeploymentPostprocessing = 0;
		};
/* End PBXSourcesBuildPhase section */

/* Begin XCBuildConfiguration section */
		1A1D09CF2C2E287800B1C385 /* Debug */ = {
			isa = XCBuildConfiguration;
			buildSettings = {
				ALWAYS_SEARCH_USER_PATHS = NO;
				ASSETCATALOG_COMPILER_GENERATE_SWIFT_ASSET_SYMBOL_EXTENSIONS = YES;
				CLANG_ANALYZER_NONNULL = YES;
				CLANG_ANALYZER_NUMBER_OBJECT_CONVERSION = YES_AGGRESSIVE;
				CLANG_CXX_LANGUAGE_STANDARD = "gnu++20";
				CLANG_ENABLE_MODULES = YES;
				CLANG_ENABLE_OBJC_ARC = YES;
				CLANG_ENABLE_OBJC_WEAK = YES;
				CLANG_WARN_BLOCK_CAPTURE_AUTORELEASING = YES;
				CLANG_WARN_BOOL_CONVERSION = YES;
				CLANG_WARN_COMMA = YES;
				CLANG_WARN_CONSTANT_CONVERSION = YES;
				CLANG_WARN_DEPRECATED_OBJC_IMPLEMENTATIONS = YES;
				CLANG_WARN_DIRECT_OBJC_ISA_USAGE = YES_ERROR;
				CLANG_WARN_DOCUMENTATION_COMMENTS = YES;
				CLANG_WARN_EMPTY_BODY = YES;
				CLANG_WARN_ENUM_CONVERSION = YES;
				CLANG_WARN_INFINITE_RECURSION = YES;
				CLANG_WARN_INT_CONVERSION = YES;
				CLANG_WARN_NON_LITERAL_NULL_CONVERSION = YES;
				CLANG_WARN_OBJC_IMPLICIT_RETAIN_SELF = YES;
				CLANG_WARN_OBJC_LITERAL_CONVERSION = YES;
				CLANG_WARN_OBJC_ROOT_CLASS = YES_ERROR;
				CLANG_WARN_QUOTED_INCLUDE_IN_FRAMEWORK_HEADER = YES;
				CLANG_WARN_RANGE_LOOP_ANALYSIS = YES;
				CLANG_WARN_STRICT_PROTOTYPES = YES;
				CLANG_WARN_SUSPICIOUS_MOVE = YES;
				CLANG_WARN_UNGUARDED_AVAILABILITY = YES_AGGRESSIVE;
				CLANG_WARN_UNREACHABLE_CODE = YES;
				CLANG_WARN__DUPLICATE_METHOD_MATCH = YES;
				COPY_PHASE_STRIP = NO;
				DEBUG_INFORMATION_FORMAT = dwarf;
				ENABLE_STRICT_OBJC_MSGSEND = YES;
				ENABLE_TESTABILITY = YES;
				ENABLE_USER_SCRIPT_SANDBOXING = YES;
				GCC_C_LANGUAGE_STANDARD = gnu17;
				GCC_DYNAMIC_NO_PIC = NO;
				GCC_NO_COMMON_BLOCKS = YES;
				GCC_OPTIMIZATION_LEVEL = 0;
				GCC_PREPROCESSOR_DEFINITIONS = (
					"DEBUG=1",
					"$(inherited)",
				);
				GCC_WARN_64_TO_32_BIT_CONVERSION = YES;
				GCC_WARN_ABOUT_RETURN_TYPE = YES_ERROR;
				GCC_WARN_UNDECLARED_SELECTOR = YES;
				GCC_WARN_UNINITIALIZED_AUTOS = YES_AGGRESSIVE;
				GCC_WARN_UNUSED_FUNCTION = YES;
				GCC_WARN_UNUSED_VARIABLE = YES;
				IPHONEOS_DEPLOYMENT_TARGET = 17.2;
				LOCALIZATION_PREFERS_STRING_CATALOGS = YES;
				MTL_ENABLE_DEBUG_INFO = INCLUDE_SOURCE;
				MTL_FAST_MATH = YES;
				ONLY_ACTIVE_ARCH = YES;
				SDKROOT = iphoneos;
				SWIFT_ACTIVE_COMPILATION_CONDITIONS = "DEBUG $(inherited)";
				SWIFT_OPTIMIZATION_LEVEL = "-Onone";
			};
			name = Debug;
		};
		1A1D09D02C2E287800B1C385 /* Release */ = {
			isa = XCBuildConfiguration;
			buildSettings = {
				ALWAYS_SEARCH_USER_PATHS = NO;
				ASSETCATALOG_COMPILER_GENERATE_SWIFT_ASSET_SYMBOL_EXTENSIONS = YES;
				CLANG_ANALYZER_NONNULL = YES;
				CLANG_ANALYZER_NUMBER_OBJECT_CONVERSION = YES_AGGRESSIVE;
				CLANG_CXX_LANGUAGE_STANDARD = "gnu++20";
				CLANG_ENABLE_MODULES = YES;
				CLANG_ENABLE_OBJC_ARC = YES;
				CLANG_ENABLE_OBJC_WEAK = YES;
				CLANG_WARN_BLOCK_CAPTURE_AUTORELEASING = YES;
				CLANG_WARN_BOOL_CONVERSION = YES;
				CLANG_WARN_COMMA = YES;
				CLANG_WARN_CONSTANT_CONVERSION = YES;
				CLANG_WARN_DEPRECATED_OBJC_IMPLEMENTATIONS = YES;
				CLANG_WARN_DIRECT_OBJC_ISA_USAGE = YES_ERROR;
				CLANG_WARN_DOCUMENTATION_COMMENTS = YES;
				CLANG_WARN_EMPTY_BODY = YES;
				CLANG_WARN_ENUM_CONVERSION = YES;
				CLANG_WARN_INFINITE_RECURSION = YES;
				CLANG_WARN_INT_CONVERSION = YES;
				CLANG_WARN_NON_LITERAL_NULL_CONVERSION = YES;
				CLANG_WARN_OBJC_IMPLICIT_RETAIN_SELF = YES;
				CLANG_WARN_OBJC_LITERAL_CONVERSION = YES;
				CLANG_WARN_OBJC_ROOT_CLASS = YES_ERROR;
				CLANG_WARN_QUOTED_INCLUDE_IN_FRAMEWORK_HEADER = YES;
				CLANG_WARN_RANGE_LOOP_ANALYSIS = YES;
				CLANG_WARN_STRICT_PROTOTYPES = YES;
				CLANG_WARN_SUSPICIOUS_MOVE = YES;
				CLANG_WARN_UNGUARDED_AVAILABILITY = YES_AGGRESSIVE;
				CLANG_WARN_UNREACHABLE_CODE = YES;
				CLANG_WARN__DUPLICATE_METHOD_MATCH = YES;
				COPY_PHASE_STRIP = NO;
				DEBUG_INFORMATION_FORMAT = "dwarf-with-dsym";
				ENABLE_NS_ASSERTIONS = NO;
				ENABLE_STRICT_OBJC_MSGSEND = YES;
				ENABLE_USER_SCRIPT_SANDBOXING = YES;
				GCC_C_LANGUAGE_STANDARD = gnu17;
				GCC_NO_COMMON_BLOCKS = YES;
				GCC_WARN_64_TO_32_BIT_CONVERSION = YES;
				GCC_WARN_ABOUT_RETURN_TYPE = YES_ERROR;
				GCC_WARN_UNDECLARED_SELECTOR = YES;
				GCC_WARN_UNINITIALIZED_AUTOS = YES_AGGRESSIVE;
				GCC_WARN_UNUSED_FUNCTION = YES;
				GCC_WARN_UNUSED_VARIABLE = YES;
				IPHONEOS_DEPLOYMENT_TARGET = 17.2;
				LOCALIZATION_PREFERS_STRING_CATALOGS = YES;
				MTL_ENABLE_DEBUG_INFO = NO;
				MTL_FAST_MATH = YES;
				SDKROOT = iphoneos;
				SWIFT_COMPILATION_MODE = wholemodule;
				VALIDATE_PRODUCT = YES;
			};
			name = Release;
		};
		1A1D09D22C2E287800B1C385 /* Debug */ = {
			isa = XCBuildConfiguration;
			buildSettings = {
				ASSETCATALOG_COMPILER_APPICON_NAME = AppIcon;
				ASSETCATALOG_COMPILER_GLOBAL_ACCENT_COLOR_NAME = AccentColor;
				CODE_SIGN_STYLE = Automatic;
				CURRENT_PROJECT_VERSION = 1;
				DEVELOPMENT_ASSET_PATHS = "\"F1Superfan/Preview Content\"";
				DEVELOPMENT_TEAM = U2TZ26MU22;
				ENABLE_PREVIEWS = YES;
				GENERATE_INFOPLIST_FILE = YES;
				INFOPLIST_FILE = F1Superfan/Info.plist;
				INFOPLIST_KEY_UIApplicationSceneManifest_Generation = YES;
				INFOPLIST_KEY_UIApplicationSupportsIndirectInputEvents = YES;
				INFOPLIST_KEY_UILaunchScreen_Generation = YES;
				INFOPLIST_KEY_UISupportedInterfaceOrientations_iPad = "UIInterfaceOrientationPortrait UIInterfaceOrientationPortraitUpsideDown UIInterfaceOrientationLandscapeLeft UIInterfaceOrientationLandscapeRight";
				INFOPLIST_KEY_UISupportedInterfaceOrientations_iPhone = "UIInterfaceOrientationPortrait UIInterfaceOrientationLandscapeLeft UIInterfaceOrientationLandscapeRight";
				LD_RUNPATH_SEARCH_PATHS = (
					"$(inherited)",
					"@executable_path/Frameworks",
				);
				MARKETING_VERSION = 1.0;
				PRODUCT_BUNDLE_IDENTIFIER = "James-Kaddissi.F1Superfan";
				PRODUCT_NAME = "$(TARGET_NAME)";
				SWIFT_EMIT_LOC_STRINGS = YES;
				SWIFT_VERSION = 5.0;
				TARGETED_DEVICE_FAMILY = "1,2";
			};
			name = Debug;
		};
		1A1D09D32C2E287800B1C385 /* Release */ = {
			isa = XCBuildConfiguration;
			buildSettings = {
				ASSETCATALOG_COMPILER_APPICON_NAME = AppIcon;
				ASSETCATALOG_COMPILER_GLOBAL_ACCENT_COLOR_NAME = AccentColor;
				CODE_SIGN_STYLE = Automatic;
				CURRENT_PROJECT_VERSION = 1;
				DEVELOPMENT_ASSET_PATHS = "\"F1Superfan/Preview Content\"";
				DEVELOPMENT_TEAM = U2TZ26MU22;
				ENABLE_PREVIEWS = YES;
				GENERATE_INFOPLIST_FILE = YES;
				INFOPLIST_FILE = F1Superfan/Info.plist;
				INFOPLIST_KEY_UIApplicationSceneManifest_Generation = YES;
				INFOPLIST_KEY_UIApplicationSupportsIndirectInputEvents = YES;
				INFOPLIST_KEY_UILaunchScreen_Generation = YES;
				INFOPLIST_KEY_UISupportedInterfaceOrientations_iPad = "UIInterfaceOrientationPortrait UIInterfaceOrientationPortraitUpsideDown UIInterfaceOrientationLandscapeLeft UIInterfaceOrientationLandscapeRight";
				INFOPLIST_KEY_UISupportedInterfaceOrientations_iPhone = "UIInterfaceOrientationPortrait UIInterfaceOrientationLandscapeLeft UIInterfaceOrientationLandscapeRight";
				LD_RUNPATH_SEARCH_PATHS = (
					"$(inherited)",
					"@executable_path/Frameworks",
				);
				MARKETING_VERSION = 1.0;
				PRODUCT_BUNDLE_IDENTIFIER = "James-Kaddissi.F1Superfan";
				PRODUCT_NAME = "$(TARGET_NAME)";
				SWIFT_EMIT_LOC_STRINGS = YES;
				SWIFT_VERSION = 5.0;
				TARGETED_DEVICE_FAMILY = "1,2";
			};
			name = Release;
		};
/* End XCBuildConfiguration section */

/* Begin XCConfigurationList section */
		1A1D09BE2C2E287700B1C385 /* Build configuration list for PBXProject "F1Superfan" */ = {
			isa = XCConfigurationList;
			buildConfigurations = (
				1A1D09CF2C2E287800B1C385 /* Debug */,
				1A1D09D02C2E287800B1C385 /* Release */,
			);
			defaultConfigurationIsVisible = 0;
			defaultConfigurationName = Release;
		};
		1A1D09D12C2E287800B1C385 /* Build configuration list for PBXNativeTarget "F1Superfan" */ = {
			isa = XCConfigurationList;
			buildConfigurations = (
				1A1D09D22C2E287800B1C385 /* Debug */,
				1A1D09D32C2E287800B1C385 /* Release */,
			);
			defaultConfigurationIsVisible = 0;
			defaultConfigurationName = Release;
		};
/* End XCConfigurationList section */

/* Begin XCRemoteSwiftPackageReference section */
		1A1D0A2D2C3B89C300B1C385 /* XCRemoteSwiftPackageReference "firebase-ios-sdk" */ = {
			isa = XCRemoteSwiftPackageReference;
			repositoryURL = "https://github.com/firebase/firebase-ios-sdk";
			requirement = {
				kind = upToNextMajorVersion;
				minimumVersion = 10.28.1;
			};
		};
/* End XCRemoteSwiftPackageReference section */

/* Begin XCSwiftPackageProductDependency section */
		1A1D0A2E2C3B89C300B1C385 /* FirebaseAnalytics */ = {
			isa = XCSwiftPackageProductDependency;
			package = 1A1D0A2D2C3B89C300B1C385 /* XCRemoteSwiftPackageReference "firebase-ios-sdk" */;
			productName = FirebaseAnalytics;
		};
		1A1D0A302C3B89C300B1C385 /* FirebaseAnalyticsOnDeviceConversion */ = {
			isa = XCSwiftPackageProductDependency;
			package = 1A1D0A2D2C3B89C300B1C385 /* XCRemoteSwiftPackageReference "firebase-ios-sdk" */;
			productName = FirebaseAnalyticsOnDeviceConversion;
		};
		1A1D0A322C3B89C300B1C385 /* FirebaseAnalyticsSwift */ = {
			isa = XCSwiftPackageProductDependency;
			package = 1A1D0A2D2C3B89C300B1C385 /* XCRemoteSwiftPackageReference "firebase-ios-sdk" */;
			productName = FirebaseAnalyticsSwift;
		};
		1A1D0A342C3B89C300B1C385 /* FirebaseAnalyticsWithoutAdIdSupport */ = {
			isa = XCSwiftPackageProductDependency;
			package = 1A1D0A2D2C3B89C300B1C385 /* XCRemoteSwiftPackageReference "firebase-ios-sdk" */;
			productName = FirebaseAnalyticsWithoutAdIdSupport;
		};
		1A1D0A362C3B89C300B1C385 /* FirebaseAppCheck */ = {
			isa = XCSwiftPackageProductDependency;
			package = 1A1D0A2D2C3B89C300B1C385 /* XCRemoteSwiftPackageReference "firebase-ios-sdk" */;
			productName = FirebaseAppCheck;
		};
		1A1D0A3A2C3B8CC600B1C385 /* FirebaseAnalytics */ = {
			isa = XCSwiftPackageProductDependency;
			package = 1A1D0A2D2C3B89C300B1C385 /* XCRemoteSwiftPackageReference "firebase-ios-sdk" */;
			productName = FirebaseAnalytics;
		};
		1A1D0A3C2C3B8CC600B1C385 /* FirebaseAnalyticsOnDeviceConversion */ = {
			isa = XCSwiftPackageProductDependency;
			package = 1A1D0A2D2C3B89C300B1C385 /* XCRemoteSwiftPackageReference "firebase-ios-sdk" */;
			productName = FirebaseAnalyticsOnDeviceConversion;
		};
		1A1D0A3E2C3B8CC600B1C385 /* FirebaseAnalyticsSwift */ = {
			isa = XCSwiftPackageProductDependency;
			package = 1A1D0A2D2C3B89C300B1C385 /* XCRemoteSwiftPackageReference "firebase-ios-sdk" */;
			productName = FirebaseAnalyticsSwift;
		};
		1A1D0A402C3B8CC600B1C385 /* FirebaseAnalyticsWithoutAdIdSupport */ = {
			isa = XCSwiftPackageProductDependency;
			package = 1A1D0A2D2C3B89C300B1C385 /* XCRemoteSwiftPackageReference "firebase-ios-sdk" */;
			productName = FirebaseAnalyticsWithoutAdIdSupport;
		};
		1A1D0A422C3B8CC600B1C385 /* FirebaseAppCheck */ = {
			isa = XCSwiftPackageProductDependency;
			package = 1A1D0A2D2C3B89C300B1C385 /* XCRemoteSwiftPackageReference "firebase-ios-sdk" */;
			productName = FirebaseAppCheck;
		};
		1A1D0A442C3B8CC600B1C385 /* FirebaseAppDistribution-Beta */ = {
			isa = XCSwiftPackageProductDependency;
			package = 1A1D0A2D2C3B89C300B1C385 /* XCRemoteSwiftPackageReference "firebase-ios-sdk" */;
			productName = "FirebaseAppDistribution-Beta";
		};
		1A1D0A462C3B8CC600B1C385 /* FirebaseAuth */ = {
			isa = XCSwiftPackageProductDependency;
			package = 1A1D0A2D2C3B89C300B1C385 /* XCRemoteSwiftPackageReference "firebase-ios-sdk" */;
			productName = FirebaseAuth;
		};
		1A1D0A482C3B8CC600B1C385 /* FirebaseAuthCombine-Community */ = {
			isa = XCSwiftPackageProductDependency;
			package = 1A1D0A2D2C3B89C300B1C385 /* XCRemoteSwiftPackageReference "firebase-ios-sdk" */;
			productName = "FirebaseAuthCombine-Community";
		};
		1A1D0A4A2C3B8CC600B1C385 /* FirebaseCrashlytics */ = {
			isa = XCSwiftPackageProductDependency;
			package = 1A1D0A2D2C3B89C300B1C385 /* XCRemoteSwiftPackageReference "firebase-ios-sdk" */;
			productName = FirebaseCrashlytics;
		};
		1A1D0A4C2C3B8CC600B1C385 /* FirebaseDatabase */ = {
			isa = XCSwiftPackageProductDependency;
			package = 1A1D0A2D2C3B89C300B1C385 /* XCRemoteSwiftPackageReference "firebase-ios-sdk" */;
			productName = FirebaseDatabase;
		};
		1A1D0A4E2C3B8CC600B1C385 /* FirebaseDatabaseSwift */ = {
			isa = XCSwiftPackageProductDependency;
			package = 1A1D0A2D2C3B89C300B1C385 /* XCRemoteSwiftPackageReference "firebase-ios-sdk" */;
			productName = FirebaseDatabaseSwift;
		};
		1A1D0A502C3B8CC600B1C385 /* FirebaseDynamicLinks */ = {
			isa = XCSwiftPackageProductDependency;
			package = 1A1D0A2D2C3B89C300B1C385 /* XCRemoteSwiftPackageReference "firebase-ios-sdk" */;
			productName = FirebaseDynamicLinks;
		};
		1A1D0A522C3B8CC600B1C385 /* FirebaseFirestore */ = {
			isa = XCSwiftPackageProductDependency;
			package = 1A1D0A2D2C3B89C300B1C385 /* XCRemoteSwiftPackageReference "firebase-ios-sdk" */;
			productName = FirebaseFirestore;
		};
		1A1D0A542C3B8CC600B1C385 /* FirebaseFirestoreCombine-Community */ = {
			isa = XCSwiftPackageProductDependency;
			package = 1A1D0A2D2C3B89C300B1C385 /* XCRemoteSwiftPackageReference "firebase-ios-sdk" */;
			productName = "FirebaseFirestoreCombine-Community";
		};
		1A1D0A562C3B8CC600B1C385 /* FirebaseFirestoreSwift */ = {
			isa = XCSwiftPackageProductDependency;
			package = 1A1D0A2D2C3B89C300B1C385 /* XCRemoteSwiftPackageReference "firebase-ios-sdk" */;
			productName = FirebaseFirestoreSwift;
		};
		1A1D0A582C3B8CC600B1C385 /* FirebaseFunctions */ = {
			isa = XCSwiftPackageProductDependency;
			package = 1A1D0A2D2C3B89C300B1C385 /* XCRemoteSwiftPackageReference "firebase-ios-sdk" */;
			productName = FirebaseFunctions;
		};
		1A1D0A5A2C3B8CC600B1C385 /* FirebaseFunctionsCombine-Community */ = {
			isa = XCSwiftPackageProductDependency;
			package = 1A1D0A2D2C3B89C300B1C385 /* XCRemoteSwiftPackageReference "firebase-ios-sdk" */;
			productName = "FirebaseFunctionsCombine-Community";
		};
		1A1D0A5C2C3B8CC600B1C385 /* FirebaseInAppMessaging-Beta */ = {
			isa = XCSwiftPackageProductDependency;
			package = 1A1D0A2D2C3B89C300B1C385 /* XCRemoteSwiftPackageReference "firebase-ios-sdk" */;
			productName = "FirebaseInAppMessaging-Beta";
		};
		1A1D0A5E2C3B8CC600B1C385 /* FirebaseInAppMessagingSwift-Beta */ = {
			isa = XCSwiftPackageProductDependency;
			package = 1A1D0A2D2C3B89C300B1C385 /* XCRemoteSwiftPackageReference "firebase-ios-sdk" */;
			productName = "FirebaseInAppMessagingSwift-Beta";
		};
		1A1D0A602C3B8CC600B1C385 /* FirebaseInstallations */ = {
			isa = XCSwiftPackageProductDependency;
			package = 1A1D0A2D2C3B89C300B1C385 /* XCRemoteSwiftPackageReference "firebase-ios-sdk" */;
			productName = FirebaseInstallations;
		};
		1A1D0A622C3B8CC600B1C385 /* FirebaseMLModelDownloader */ = {
			isa = XCSwiftPackageProductDependency;
			package = 1A1D0A2D2C3B89C300B1C385 /* XCRemoteSwiftPackageReference "firebase-ios-sdk" */;
			productName = FirebaseMLModelDownloader;
		};
		1A1D0A642C3B8CC600B1C385 /* FirebaseMessaging */ = {
			isa = XCSwiftPackageProductDependency;
			package = 1A1D0A2D2C3B89C300B1C385 /* XCRemoteSwiftPackageReference "firebase-ios-sdk" */;
			productName = FirebaseMessaging;
		};
		1A1D0A662C3B8CC600B1C385 /* FirebasePerformance */ = {
			isa = XCSwiftPackageProductDependency;
			package = 1A1D0A2D2C3B89C300B1C385 /* XCRemoteSwiftPackageReference "firebase-ios-sdk" */;
			productName = FirebasePerformance;
		};
		1A1D0A682C3B8CC600B1C385 /* FirebaseRemoteConfig */ = {
			isa = XCSwiftPackageProductDependency;
			package = 1A1D0A2D2C3B89C300B1C385 /* XCRemoteSwiftPackageReference "firebase-ios-sdk" */;
			productName = FirebaseRemoteConfig;
		};
		1A1D0A6A2C3B8CC600B1C385 /* FirebaseRemoteConfigSwift */ = {
			isa = XCSwiftPackageProductDependency;
			package = 1A1D0A2D2C3B89C300B1C385 /* XCRemoteSwiftPackageReference "firebase-ios-sdk" */;
			productName = FirebaseRemoteConfigSwift;
		};
		1A1D0A6C2C3B8CC600B1C385 /* FirebaseStorage */ = {
			isa = XCSwiftPackageProductDependency;
			package = 1A1D0A2D2C3B89C300B1C385 /* XCRemoteSwiftPackageReference "firebase-ios-sdk" */;
			productName = FirebaseStorage;
		};
		1A1D0A6E2C3B8CC600B1C385 /* FirebaseStorageCombine-Community */ = {
			isa = XCSwiftPackageProductDependency;
			package = 1A1D0A2D2C3B89C300B1C385 /* XCRemoteSwiftPackageReference "firebase-ios-sdk" */;
			productName = "FirebaseStorageCombine-Community";
		};
		1A1D0A702C3B8CC600B1C385 /* FirebaseVertexAI-Preview */ = {
			isa = XCSwiftPackageProductDependency;
			package = 1A1D0A2D2C3B89C300B1C385 /* XCRemoteSwiftPackageReference "firebase-ios-sdk" */;
			productName = "FirebaseVertexAI-Preview";
		};
		1A1D0A722C3B8CDB00B1C385 /* FirebaseAnalytics */ = {
			isa = XCSwiftPackageProductDependency;
			package = 1A1D0A2D2C3B89C300B1C385 /* XCRemoteSwiftPackageReference "firebase-ios-sdk" */;
			productName = FirebaseAnalytics;
		};
		1A1D0A742C3B8CDB00B1C385 /* FirebaseAnalyticsOnDeviceConversion */ = {
			isa = XCSwiftPackageProductDependency;
			package = 1A1D0A2D2C3B89C300B1C385 /* XCRemoteSwiftPackageReference "firebase-ios-sdk" */;
			productName = FirebaseAnalyticsOnDeviceConversion;
		};
		1A1D0A762C3B8CDB00B1C385 /* FirebaseAnalyticsSwift */ = {
			isa = XCSwiftPackageProductDependency;
			package = 1A1D0A2D2C3B89C300B1C385 /* XCRemoteSwiftPackageReference "firebase-ios-sdk" */;
			productName = FirebaseAnalyticsSwift;
		};
		1A1D0A782C3B8CDB00B1C385 /* FirebaseAnalyticsWithoutAdIdSupport */ = {
			isa = XCSwiftPackageProductDependency;
			package = 1A1D0A2D2C3B89C300B1C385 /* XCRemoteSwiftPackageReference "firebase-ios-sdk" */;
			productName = FirebaseAnalyticsWithoutAdIdSupport;
		};
		1A1D0A7A2C3B8CDB00B1C385 /* FirebaseAppCheck */ = {
			isa = XCSwiftPackageProductDependency;
			package = 1A1D0A2D2C3B89C300B1C385 /* XCRemoteSwiftPackageReference "firebase-ios-sdk" */;
			productName = FirebaseAppCheck;
		};
		1A1D0A7C2C3B8CDB00B1C385 /* FirebaseAppDistribution-Beta */ = {
			isa = XCSwiftPackageProductDependency;
			package = 1A1D0A2D2C3B89C300B1C385 /* XCRemoteSwiftPackageReference "firebase-ios-sdk" */;
			productName = "FirebaseAppDistribution-Beta";
		};
		1A1D0A7E2C3B8CDB00B1C385 /* FirebaseAuth */ = {
			isa = XCSwiftPackageProductDependency;
			package = 1A1D0A2D2C3B89C300B1C385 /* XCRemoteSwiftPackageReference "firebase-ios-sdk" */;
			productName = FirebaseAuth;
		};
		1A1D0A802C3B8CDB00B1C385 /* FirebaseAuthCombine-Community */ = {
			isa = XCSwiftPackageProductDependency;
			package = 1A1D0A2D2C3B89C300B1C385 /* XCRemoteSwiftPackageReference "firebase-ios-sdk" */;
			productName = "FirebaseAuthCombine-Community";
		};
		1A1D0A822C3B8CDB00B1C385 /* FirebaseCrashlytics */ = {
			isa = XCSwiftPackageProductDependency;
			package = 1A1D0A2D2C3B89C300B1C385 /* XCRemoteSwiftPackageReference "firebase-ios-sdk" */;
			productName = FirebaseCrashlytics;
		};
		1A1D0A842C3B8CDB00B1C385 /* FirebaseDatabase */ = {
			isa = XCSwiftPackageProductDependency;
			package = 1A1D0A2D2C3B89C300B1C385 /* XCRemoteSwiftPackageReference "firebase-ios-sdk" */;
			productName = FirebaseDatabase;
		};
		1A1D0A862C3B8CDB00B1C385 /* FirebaseDatabaseSwift */ = {
			isa = XCSwiftPackageProductDependency;
			package = 1A1D0A2D2C3B89C300B1C385 /* XCRemoteSwiftPackageReference "firebase-ios-sdk" */;
			productName = FirebaseDatabaseSwift;
		};
		1A1D0A882C3B8CDB00B1C385 /* FirebaseDynamicLinks */ = {
			isa = XCSwiftPackageProductDependency;
			package = 1A1D0A2D2C3B89C300B1C385 /* XCRemoteSwiftPackageReference "firebase-ios-sdk" */;
			productName = FirebaseDynamicLinks;
		};
		1A1D0A8A2C3B8CDB00B1C385 /* FirebaseFirestore */ = {
			isa = XCSwiftPackageProductDependency;
			package = 1A1D0A2D2C3B89C300B1C385 /* XCRemoteSwiftPackageReference "firebase-ios-sdk" */;
			productName = FirebaseFirestore;
		};
		1A1D0A8C2C3B8CDB00B1C385 /* FirebaseFirestoreCombine-Community */ = {
			isa = XCSwiftPackageProductDependency;
			package = 1A1D0A2D2C3B89C300B1C385 /* XCRemoteSwiftPackageReference "firebase-ios-sdk" */;
			productName = "FirebaseFirestoreCombine-Community";
		};
		1A1D0A8E2C3B8CDB00B1C385 /* FirebaseFirestoreSwift */ = {
			isa = XCSwiftPackageProductDependency;
			package = 1A1D0A2D2C3B89C300B1C385 /* XCRemoteSwiftPackageReference "firebase-ios-sdk" */;
			productName = FirebaseFirestoreSwift;
		};
		1A1D0A902C3B8CDB00B1C385 /* FirebaseFunctions */ = {
			isa = XCSwiftPackageProductDependency;
			package = 1A1D0A2D2C3B89C300B1C385 /* XCRemoteSwiftPackageReference "firebase-ios-sdk" */;
			productName = FirebaseFunctions;
		};
		1A1D0A922C3B8CDB00B1C385 /* FirebaseFunctionsCombine-Community */ = {
			isa = XCSwiftPackageProductDependency;
			package = 1A1D0A2D2C3B89C300B1C385 /* XCRemoteSwiftPackageReference "firebase-ios-sdk" */;
			productName = "FirebaseFunctionsCombine-Community";
		};
		1A1D0A942C3B8CDB00B1C385 /* FirebaseInAppMessaging-Beta */ = {
			isa = XCSwiftPackageProductDependency;
			package = 1A1D0A2D2C3B89C300B1C385 /* XCRemoteSwiftPackageReference "firebase-ios-sdk" */;
			productName = "FirebaseInAppMessaging-Beta";
		};
		1A1D0A962C3B8CDB00B1C385 /* FirebaseInAppMessagingSwift-Beta */ = {
			isa = XCSwiftPackageProductDependency;
			package = 1A1D0A2D2C3B89C300B1C385 /* XCRemoteSwiftPackageReference "firebase-ios-sdk" */;
			productName = "FirebaseInAppMessagingSwift-Beta";
		};
		1A1D0A982C3B8CDB00B1C385 /* FirebaseInstallations */ = {
			isa = XCSwiftPackageProductDependency;
			package = 1A1D0A2D2C3B89C300B1C385 /* XCRemoteSwiftPackageReference "firebase-ios-sdk" */;
			productName = FirebaseInstallations;
		};
		1A1D0A9A2C3B8CDB00B1C385 /* FirebaseMLModelDownloader */ = {
			isa = XCSwiftPackageProductDependency;
			package = 1A1D0A2D2C3B89C300B1C385 /* XCRemoteSwiftPackageReference "firebase-ios-sdk" */;
			productName = FirebaseMLModelDownloader;
		};
		1A1D0A9C2C3B8CDB00B1C385 /* FirebaseMessaging */ = {
			isa = XCSwiftPackageProductDependency;
			package = 1A1D0A2D2C3B89C300B1C385 /* XCRemoteSwiftPackageReference "firebase-ios-sdk" */;
			productName = FirebaseMessaging;
		};
		1A1D0A9E2C3B8CDB00B1C385 /* FirebasePerformance */ = {
			isa = XCSwiftPackageProductDependency;
			package = 1A1D0A2D2C3B89C300B1C385 /* XCRemoteSwiftPackageReference "firebase-ios-sdk" */;
			productName = FirebasePerformance;
		};
		1A1D0AA02C3B8CDB00B1C385 /* FirebaseRemoteConfig */ = {
			isa = XCSwiftPackageProductDependency;
			package = 1A1D0A2D2C3B89C300B1C385 /* XCRemoteSwiftPackageReference "firebase-ios-sdk" */;
			productName = FirebaseRemoteConfig;
		};
		1A1D0AA22C3B8CDB00B1C385 /* FirebaseRemoteConfigSwift */ = {
			isa = XCSwiftPackageProductDependency;
			package = 1A1D0A2D2C3B89C300B1C385 /* XCRemoteSwiftPackageReference "firebase-ios-sdk" */;
			productName = FirebaseRemoteConfigSwift;
		};
		1A1D0AA42C3B8CDB00B1C385 /* FirebaseStorage */ = {
			isa = XCSwiftPackageProductDependency;
			package = 1A1D0A2D2C3B89C300B1C385 /* XCRemoteSwiftPackageReference "firebase-ios-sdk" */;
			productName = FirebaseStorage;
		};
		1A1D0AA62C3B8CDB00B1C385 /* FirebaseStorageCombine-Community */ = {
			isa = XCSwiftPackageProductDependency;
			package = 1A1D0A2D2C3B89C300B1C385 /* XCRemoteSwiftPackageReference "firebase-ios-sdk" */;
			productName = "FirebaseStorageCombine-Community";
		};
		1A1D0AA82C3B8CDB00B1C385 /* FirebaseVertexAI-Preview */ = {
			isa = XCSwiftPackageProductDependency;
			package = 1A1D0A2D2C3B89C300B1C385 /* XCRemoteSwiftPackageReference "firebase-ios-sdk" */;
			productName = "FirebaseVertexAI-Preview";
		};
/* End XCSwiftPackageProductDependency section */
	};
	rootObject = 1A1D09BB2C2E287700B1C385 /* Project object */;
}
